// !$*UTF8*$!
{
	archiveVersion = 1;
	classes = {
	};
	objectVersion = 52;
	objects = {

/* Begin PBXBuildFile section */
		D8113CEC232FE28B004DD6A4 /* PhoneEventViewModel.swift in Sources */ = {isa = PBXBuildFile; fileRef = D8113CEB232FE28B004DD6A4 /* PhoneEventViewModel.swift */; };
		D8113CEE232FECA9004DD6A4 /* RemoteImage.swift in Sources */ = {isa = PBXBuildFile; fileRef = D8113CED232FECA9004DD6A4 /* RemoteImage.swift */; };
		D8113CF0232FEDA6004DD6A4 /* RemoteImageView.swift in Sources */ = {isa = PBXBuildFile; fileRef = D8113CEF232FEDA6004DD6A4 /* RemoteImageView.swift */; };
		D8113CF2232FF0CB004DD6A4 /* CircleImage.swift in Sources */ = {isa = PBXBuildFile; fileRef = D8113CF1232FF0CB004DD6A4 /* CircleImage.swift */; };
		D8133547235C0A850028ACD5 /* ActivityIndicator.swift in Sources */ = {isa = PBXBuildFile; fileRef = D8133546235C0A850028ACD5 /* ActivityIndicator.swift */; };
		D8133549235C0BCE0028ACD5 /* LoadingView.swift in Sources */ = {isa = PBXBuildFile; fileRef = D8133548235C0BCE0028ACD5 /* LoadingView.swift */; };
		D813354A235C11790028ACD5 /* ActivityIndicator.swift in Sources */ = {isa = PBXBuildFile; fileRef = D8133546235C0A850028ACD5 /* ActivityIndicator.swift */; };
		D813354B235C11790028ACD5 /* LoadingView.swift in Sources */ = {isa = PBXBuildFile; fileRef = D8133548235C0BCE0028ACD5 /* LoadingView.swift */; };
		D8236D3823C9BBE400725B92 /* SchedulePadding.swift in Sources */ = {isa = PBXBuildFile; fileRef = D8236D3723C9BBE400725B92 /* SchedulePadding.swift */; };
		D824CD582336439C00437CC9 /* SearchBarView.swift in Sources */ = {isa = PBXBuildFile; fileRef = D824CD572336439C00437CC9 /* SearchBarView.swift */; };
		D83310C823A5DB3100F452D4 /* WordCampTests.swift in Sources */ = {isa = PBXBuildFile; fileRef = D83310C723A5DB3100F452D4 /* WordCampTests.swift */; };
		D83310CC23A5DBAE00F452D4 /* wordcamp.json in Resources */ = {isa = PBXBuildFile; fileRef = D83310CB23A5DBAE00F452D4 /* wordcamp.json */; };
		D83310CE23A5DC3500F452D4 /* Loader.swift in Sources */ = {isa = PBXBuildFile; fileRef = D83310CD23A5DC3500F452D4 /* Loader.swift */; };
		D84794182365836500C01CAD /* WordCampAnnotation.swift in Sources */ = {isa = PBXBuildFile; fileRef = D84794172365836500C01CAD /* WordCampAnnotation.swift */; };
		D84794192365836B00C01CAD /* WordCampAnnotation.swift in Sources */ = {isa = PBXBuildFile; fileRef = D84794172365836500C01CAD /* WordCampAnnotation.swift */; };
		D847941A2365836C00C01CAD /* WordCampAnnotation.swift in Sources */ = {isa = PBXBuildFile; fileRef = D84794172365836500C01CAD /* WordCampAnnotation.swift */; };
		D8577DA8239E33A100EB6AA0 /* TVMapView.swift in Sources */ = {isa = PBXBuildFile; fileRef = D8577DA7239E33A100EB6AA0 /* TVMapView.swift */; };
		D8577DAA239F6FBC00EB6AA0 /* ShareSheet.swift in Sources */ = {isa = PBXBuildFile; fileRef = D8577DA9239F6FBC00EB6AA0 /* ShareSheet.swift */; };
		D8577DAC239F718900EB6AA0 /* ShareLinkButton.swift in Sources */ = {isa = PBXBuildFile; fileRef = D8577DAB239F718900EB6AA0 /* ShareLinkButton.swift */; };
		D85EABC6239A2E3C005FD940 /* WatchLoadingView.swift in Sources */ = {isa = PBXBuildFile; fileRef = D85EABC5239A2E3C005FD940 /* WatchLoadingView.swift */; };
		D8D42E61235B141A00C4201B /* Interface.storyboard in Resources */ = {isa = PBXBuildFile; fileRef = D8D42E5F235B141A00C4201B /* Interface.storyboard */; };
		D8D42E63235B141C00C4201B /* Assets.xcassets in Resources */ = {isa = PBXBuildFile; fileRef = D8D42E62235B141C00C4201B /* Assets.xcassets */; };
		D8D42E6A235B141C00C4201B /* WordCampsWatch Extension.appex in Embed App Extensions */ = {isa = PBXBuildFile; fileRef = D8D42E69235B141C00C4201B /* WordCampsWatch Extension.appex */; settings = {ATTRIBUTES = (RemoveHeadersOnCopy, ); }; };
		D8D42E71235B141C00C4201B /* HostingController.swift in Sources */ = {isa = PBXBuildFile; fileRef = D8D42E70235B141C00C4201B /* HostingController.swift */; };
		D8D42E73235B141C00C4201B /* ExtensionDelegate.swift in Sources */ = {isa = PBXBuildFile; fileRef = D8D42E72235B141C00C4201B /* ExtensionDelegate.swift */; };
		D8D42E75235B141C00C4201B /* NotificationController.swift in Sources */ = {isa = PBXBuildFile; fileRef = D8D42E74235B141C00C4201B /* NotificationController.swift */; };
		D8D42E77235B141C00C4201B /* NotificationView.swift in Sources */ = {isa = PBXBuildFile; fileRef = D8D42E76235B141C00C4201B /* NotificationView.swift */; };
		D8D42E79235B141C00C4201B /* ComplicationController.swift in Sources */ = {isa = PBXBuildFile; fileRef = D8D42E78235B141C00C4201B /* ComplicationController.swift */; };
		D8D42E7B235B141D00C4201B /* Assets.xcassets in Resources */ = {isa = PBXBuildFile; fileRef = D8D42E7A235B141D00C4201B /* Assets.xcassets */; };
		D8D42E7E235B141D00C4201B /* Preview Assets.xcassets in Resources */ = {isa = PBXBuildFile; fileRef = D8D42E7D235B141D00C4201B /* Preview Assets.xcassets */; };
		D8D42E83235B141D00C4201B /* WordCampsWatch.app in Embed Watch Content */ = {isa = PBXBuildFile; fileRef = D8D42E5D235B141A00C4201B /* WordCampsWatch.app */; platformFilter = ios; settings = {ATTRIBUTES = (RemoveHeadersOnCopy, ); }; };
		D8D42E8F235B152300C4201B /* WatchScheduleList.swift in Sources */ = {isa = PBXBuildFile; fileRef = D8D42E8E235B152300C4201B /* WatchScheduleList.swift */; };
		D8D42E9B235B183500C4201B /* WordCampService.swift in Sources */ = {isa = PBXBuildFile; fileRef = D8EEA5E92331A075006C32D0 /* WordCampService.swift */; };
		D8D42E9C235B183500C4201B /* DefaultWordCampService.swift in Sources */ = {isa = PBXBuildFile; fileRef = D8D7D01E232E6CB100687E4B /* DefaultWordCampService.swift */; };
		D8D42E9D235B184100C4201B /* WordCamp.swift in Sources */ = {isa = PBXBuildFile; fileRef = D8D7D00F232D980A00687E4B /* WordCamp.swift */; };
		D8D42E9E235B184A00C4201B /* WordCampTitle.swift in Sources */ = {isa = PBXBuildFile; fileRef = D8D7D00B232D96D100687E4B /* WordCampTitle.swift */; };
		D8D42E9F235B184E00C4201B /* WordCampContent.swift in Sources */ = {isa = PBXBuildFile; fileRef = D8D7D01A232D9F7000687E4B /* WordCampContent.swift */; };
		D8D42EA0235B185700C4201B /* VenueCoordinates.swift in Sources */ = {isa = PBXBuildFile; fileRef = D8D7D00D232D972800687E4B /* VenueCoordinates.swift */; };
		D8D42EA3235B18BA00C4201B /* WatchEventViewModel.swift in Sources */ = {isa = PBXBuildFile; fileRef = D8D42EA2235B18BA00C4201B /* WatchEventViewModel.swift */; };
		D8D42EA4235B18EF00C4201B /* Date+WordCamp.swift in Sources */ = {isa = PBXBuildFile; fileRef = D8D7D003232D7B3100687E4B /* Date+WordCamp.swift */; };
		D8D42EAA235B198D00C4201B /* WatchWordCampList.swift in Sources */ = {isa = PBXBuildFile; fileRef = D8D42EA9235B198D00C4201B /* WatchWordCampList.swift */; };
		D8D42EAD235B1B1800C4201B /* WatchWordCampDetail.swift in Sources */ = {isa = PBXBuildFile; fileRef = D8D42EAC235B1B1800C4201B /* WatchWordCampDetail.swift */; };
		D8D42EAF235B1B4C00C4201B /* WatchDetailStack.swift in Sources */ = {isa = PBXBuildFile; fileRef = D8D42EAE235B1B4C00C4201B /* WatchDetailStack.swift */; };
		D8D42EB1235B1BA400C4201B /* WatchWordCampListView.swift in Sources */ = {isa = PBXBuildFile; fileRef = D8D42EB0235B1BA400C4201B /* WatchWordCampListView.swift */; };
		D8D42EB8235B211200C4201B /* PreviewData.swift in Sources */ = {isa = PBXBuildFile; fileRef = D8E2B809235989B60064A147 /* PreviewData.swift */; };
		D8D42EBB235B245500C4201B /* EventViewModel.swift in Sources */ = {isa = PBXBuildFile; fileRef = D8D42EB9235B238800C4201B /* EventViewModel.swift */; };
		D8D42EBC235B247500C4201B /* EventViewModel.swift in Sources */ = {isa = PBXBuildFile; fileRef = D8D42EB9235B238800C4201B /* EventViewModel.swift */; };
		D8D42EBD235B267C00C4201B /* WordCampsViewModel.swift in Sources */ = {isa = PBXBuildFile; fileRef = D8D7D021232E6DEB00687E4B /* WordCampsViewModel.swift */; };
		D8D42EBE235B268100C4201B /* WordCampList.swift in Sources */ = {isa = PBXBuildFile; fileRef = D8D7CFFC232D657600687E4B /* WordCampList.swift */; };
		D8D42EC2235B2A4D00C4201B /* WatchMapView.swift in Sources */ = {isa = PBXBuildFile; fileRef = D8D42EC1235B2A4D00C4201B /* WatchMapView.swift */; };
		D8D42ECA235B3EB000C4201B /* AppDelegate.swift in Sources */ = {isa = PBXBuildFile; fileRef = D8D42EC9235B3EB000C4201B /* AppDelegate.swift */; };
		D8D42ECC235B3EB000C4201B /* TVContentView.swift in Sources */ = {isa = PBXBuildFile; fileRef = D8D42ECB235B3EB000C4201B /* TVContentView.swift */; };
		D8D42ECE235B3EB200C4201B /* Assets.xcassets in Resources */ = {isa = PBXBuildFile; fileRef = D8D42ECD235B3EB200C4201B /* Assets.xcassets */; };
		D8D42ED1235B3EB200C4201B /* Preview Assets.xcassets in Resources */ = {isa = PBXBuildFile; fileRef = D8D42ED0235B3EB200C4201B /* Preview Assets.xcassets */; };
		D8D42ED4235B3EB200C4201B /* LaunchScreen.storyboard in Resources */ = {isa = PBXBuildFile; fileRef = D8D42ED2235B3EB200C4201B /* LaunchScreen.storyboard */; };
		D8D42EF7235BB5FD00C4201B /* WordCampsViewModel.swift in Sources */ = {isa = PBXBuildFile; fileRef = D8D7D021232E6DEB00687E4B /* WordCampsViewModel.swift */; };
		D8D42EF8235BB60A00C4201B /* WordCampService.swift in Sources */ = {isa = PBXBuildFile; fileRef = D8EEA5E92331A075006C32D0 /* WordCampService.swift */; };
		D8D42EF9235BB61100C4201B /* EventViewModel.swift in Sources */ = {isa = PBXBuildFile; fileRef = D8D42EB9235B238800C4201B /* EventViewModel.swift */; };
		D8D42EFA235BB61100C4201B /* WordCampList.swift in Sources */ = {isa = PBXBuildFile; fileRef = D8D7CFFC232D657600687E4B /* WordCampList.swift */; };
		D8D42EFB235BB61100C4201B /* WordCampTitle.swift in Sources */ = {isa = PBXBuildFile; fileRef = D8D7D00B232D96D100687E4B /* WordCampTitle.swift */; };
		D8D42EFC235BB61100C4201B /* VenueCoordinates.swift in Sources */ = {isa = PBXBuildFile; fileRef = D8D7D00D232D972800687E4B /* VenueCoordinates.swift */; };
		D8D42EFD235BB61100C4201B /* WordCamp.swift in Sources */ = {isa = PBXBuildFile; fileRef = D8D7D00F232D980A00687E4B /* WordCamp.swift */; };
		D8D42EFE235BB61100C4201B /* WordCampContent.swift in Sources */ = {isa = PBXBuildFile; fileRef = D8D7D01A232D9F7000687E4B /* WordCampContent.swift */; };
		D8D42EFF235BB61400C4201B /* DefaultWordCampService.swift in Sources */ = {isa = PBXBuildFile; fileRef = D8D7D01E232E6CB100687E4B /* DefaultWordCampService.swift */; };
		D8D42F00235BB61900C4201B /* Date+WordCamp.swift in Sources */ = {isa = PBXBuildFile; fileRef = D8D7D003232D7B3100687E4B /* Date+WordCamp.swift */; };
		D8D42F01235BB61C00C4201B /* PreviewData.swift in Sources */ = {isa = PBXBuildFile; fileRef = D8E2B809235989B60064A147 /* PreviewData.swift */; };
		D8D42F02235BB65D00C4201B /* PhoneEventViewModel.swift in Sources */ = {isa = PBXBuildFile; fileRef = D8113CEB232FE28B004DD6A4 /* PhoneEventViewModel.swift */; };
		D8D42F03235BB67600C4201B /* MediaService.swift in Sources */ = {isa = PBXBuildFile; fileRef = D8EEA5F72331ACD8006C32D0 /* MediaService.swift */; };
		D8D42F04235BB67600C4201B /* DefaultMediaService.swift in Sources */ = {isa = PBXBuildFile; fileRef = D8EEA5F52331ACC7006C32D0 /* DefaultMediaService.swift */; };
		D8D42F05235BB67600C4201B /* RemoteImage.swift in Sources */ = {isa = PBXBuildFile; fileRef = D8113CED232FECA9004DD6A4 /* RemoteImage.swift */; };
		D8D42F06235BB67900C4201B /* Media.swift in Sources */ = {isa = PBXBuildFile; fileRef = D8D7D02B232EBF9000687E4B /* Media.swift */; };
		D8D42F07235BB68600C4201B /* String+WordCamp.swift in Sources */ = {isa = PBXBuildFile; fileRef = D8D7D01C232DA0DB00687E4B /* String+WordCamp.swift */; };
		D8D42F0D235BB6FF00C4201B /* CircleImage.swift in Sources */ = {isa = PBXBuildFile; fileRef = D8113CF1232FF0CB004DD6A4 /* CircleImage.swift */; };
		D8D42F0E235BB70300C4201B /* RemoteImageView.swift in Sources */ = {isa = PBXBuildFile; fileRef = D8113CEF232FEDA6004DD6A4 /* RemoteImageView.swift */; };
		D8D42F17235BB79E00C4201B /* TVWordCampDetail.swift in Sources */ = {isa = PBXBuildFile; fileRef = D8D42F16235BB79E00C4201B /* TVWordCampDetail.swift */; };
		D8D42F19235BB7F500C4201B /* TVDetailStack.swift in Sources */ = {isa = PBXBuildFile; fileRef = D8D42F18235BB7F400C4201B /* TVDetailStack.swift */; };
		D8D42F1B235BB87000C4201B /* TVWordCampListView.swift in Sources */ = {isa = PBXBuildFile; fileRef = D8D42F1A235BB87000C4201B /* TVWordCampListView.swift */; };
		D8D7CFDA232D648300687E4B /* AppDelegate.swift in Sources */ = {isa = PBXBuildFile; fileRef = D8D7CFD9232D648300687E4B /* AppDelegate.swift */; };
		D8D7CFDC232D648300687E4B /* SceneDelegate.swift in Sources */ = {isa = PBXBuildFile; fileRef = D8D7CFDB232D648300687E4B /* SceneDelegate.swift */; };
		D8D7CFDE232D648300687E4B /* ScheduleList.swift in Sources */ = {isa = PBXBuildFile; fileRef = D8D7CFDD232D648300687E4B /* ScheduleList.swift */; };
		D8D7CFE0232D648500687E4B /* Assets.xcassets in Resources */ = {isa = PBXBuildFile; fileRef = D8D7CFDF232D648500687E4B /* Assets.xcassets */; };
		D8D7CFE3232D648500687E4B /* Preview Assets.xcassets in Resources */ = {isa = PBXBuildFile; fileRef = D8D7CFE2232D648500687E4B /* Preview Assets.xcassets */; };
		D8D7CFE6232D648600687E4B /* LaunchScreen.storyboard in Resources */ = {isa = PBXBuildFile; fileRef = D8D7CFE4232D648600687E4B /* LaunchScreen.storyboard */; };
		D8D7CFFD232D657600687E4B /* WordCampList.swift in Sources */ = {isa = PBXBuildFile; fileRef = D8D7CFFC232D657600687E4B /* WordCampList.swift */; };
		D8D7D004232D7B3100687E4B /* Date+WordCamp.swift in Sources */ = {isa = PBXBuildFile; fileRef = D8D7D003232D7B3100687E4B /* Date+WordCamp.swift */; };
		D8D7D00A232D928800687E4B /* MapView.swift in Sources */ = {isa = PBXBuildFile; fileRef = D8D7D009232D928800687E4B /* MapView.swift */; };
		D8D7D00C232D96D100687E4B /* WordCampTitle.swift in Sources */ = {isa = PBXBuildFile; fileRef = D8D7D00B232D96D100687E4B /* WordCampTitle.swift */; };
		D8D7D00E232D972800687E4B /* VenueCoordinates.swift in Sources */ = {isa = PBXBuildFile; fileRef = D8D7D00D232D972800687E4B /* VenueCoordinates.swift */; };
		D8D7D010232D980A00687E4B /* WordCamp.swift in Sources */ = {isa = PBXBuildFile; fileRef = D8D7D00F232D980A00687E4B /* WordCamp.swift */; };
		D8D7D013232D98D500687E4B /* WordCampDetail.swift in Sources */ = {isa = PBXBuildFile; fileRef = D8D7D012232D98D500687E4B /* WordCampDetail.swift */; };
		D8D7D015232D991400687E4B /* WordCampListView.swift in Sources */ = {isa = PBXBuildFile; fileRef = D8D7D014232D991400687E4B /* WordCampListView.swift */; };
		D8D7D017232D9BB400687E4B /* SafariView.swift in Sources */ = {isa = PBXBuildFile; fileRef = D8D7D016232D9BB400687E4B /* SafariView.swift */; };
		D8D7D01B232D9F7000687E4B /* WordCampContent.swift in Sources */ = {isa = PBXBuildFile; fileRef = D8D7D01A232D9F7000687E4B /* WordCampContent.swift */; };
		D8D7D01D232DA0DB00687E4B /* String+WordCamp.swift in Sources */ = {isa = PBXBuildFile; fileRef = D8D7D01C232DA0DB00687E4B /* String+WordCamp.swift */; };
		D8D7D01F232E6CB100687E4B /* DefaultWordCampService.swift in Sources */ = {isa = PBXBuildFile; fileRef = D8D7D01E232E6CB100687E4B /* DefaultWordCampService.swift */; };
		D8D7D022232E6DEB00687E4B /* WordCampsViewModel.swift in Sources */ = {isa = PBXBuildFile; fileRef = D8D7D021232E6DEB00687E4B /* WordCampsViewModel.swift */; };
		D8D7D02C232EBF9000687E4B /* Media.swift in Sources */ = {isa = PBXBuildFile; fileRef = D8D7D02B232EBF9000687E4B /* Media.swift */; };
		D8DBEEE62440298C00661BE4 /* Tabs.swift in Sources */ = {isa = PBXBuildFile; fileRef = D8DBEEE52440298C00661BE4 /* Tabs.swift */; };
		D8DBEEF62441CF6900661BE4 /* HomeContentView.swift in Sources */ = {isa = PBXBuildFile; fileRef = D8DBEEF02441CF6900661BE4 /* HomeContentView.swift */; };
		D8DBEEF72441CF6900661BE4 /* NewVideosSection.swift in Sources */ = {isa = PBXBuildFile; fileRef = D8DBEEF12441CF6900661BE4 /* NewVideosSection.swift */; };
		D8DBEEF82441CF6900661BE4 /* MenuPadding.swift in Sources */ = {isa = PBXBuildFile; fileRef = D8DBEEF22441CF6900661BE4 /* MenuPadding.swift */; };
		D8DBEEF92441CF6900661BE4 /* RecentVideoListView.swift in Sources */ = {isa = PBXBuildFile; fileRef = D8DBEEF32441CF6900661BE4 /* RecentVideoListView.swift */; };
		D8DBEEFA2441CF6900661BE4 /* HomeMenuSection.swift in Sources */ = {isa = PBXBuildFile; fileRef = D8DBEEF42441CF6900661BE4 /* HomeMenuSection.swift */; };
		D8DBEEFB2441CF6900661BE4 /* PopularVideosSection.swift in Sources */ = {isa = PBXBuildFile; fileRef = D8DBEEF52441CF6900661BE4 /* PopularVideosSection.swift */; };
		D8DBEF022441CF7900661BE4 /* AllCategoriesListView.swift in Sources */ = {isa = PBXBuildFile; fileRef = D8DBEEFC2441CF7800661BE4 /* AllCategoriesListView.swift */; };
		D8DBEF032441CF7900661BE4 /* CategoryListView.swift in Sources */ = {isa = PBXBuildFile; fileRef = D8DBEEFD2441CF7800661BE4 /* CategoryListView.swift */; };
		D8DBEF042441CF7900661BE4 /* AllVideoEventsListView.swift in Sources */ = {isa = PBXBuildFile; fileRef = D8DBEEFE2441CF7800661BE4 /* AllVideoEventsListView.swift */; };
		D8DBEF062441CF7900661BE4 /* VideoEventDetailsView.swift in Sources */ = {isa = PBXBuildFile; fileRef = D8DBEF002441CF7900661BE4 /* VideoEventDetailsView.swift */; };
		D8DBEF072441CF7900661BE4 /* VideoEventListView.swift in Sources */ = {isa = PBXBuildFile; fileRef = D8DBEF012441CF7900661BE4 /* VideoEventListView.swift */; };
		D8DBEF112441CF8F00661BE4 /* ApplicationViewModel.swift in Sources */ = {isa = PBXBuildFile; fileRef = D8DBEF092441CF8F00661BE4 /* ApplicationViewModel.swift */; };
		D8DBEF122441CF8F00661BE4 /* AllVideosViewModel.swift in Sources */ = {isa = PBXBuildFile; fileRef = D8DBEF0A2441CF8F00661BE4 /* AllVideosViewModel.swift */; };
		D8DBEF132441CF8F00661BE4 /* CategoryViewModel.swift in Sources */ = {isa = PBXBuildFile; fileRef = D8DBEF0B2441CF8F00661BE4 /* CategoryViewModel.swift */; };
		D8DBEF142441CF8F00661BE4 /* AllVideoEventsViewModel.swift in Sources */ = {isa = PBXBuildFile; fileRef = D8DBEF0C2441CF8F00661BE4 /* AllVideoEventsViewModel.swift */; };
		D8DBEF152441CF8F00661BE4 /* VideoEventViewModel.swift in Sources */ = {isa = PBXBuildFile; fileRef = D8DBEF0D2441CF8F00661BE4 /* VideoEventViewModel.swift */; };
		D8DBEF162441CF8F00661BE4 /* VideoViewModel.swift in Sources */ = {isa = PBXBuildFile; fileRef = D8DBEF0E2441CF8F00661BE4 /* VideoViewModel.swift */; };
		D8DBEF172441CF8F00661BE4 /* PopularVideosViewModel.swift in Sources */ = {isa = PBXBuildFile; fileRef = D8DBEF0F2441CF8F00661BE4 /* PopularVideosViewModel.swift */; };
		D8DBEF182441CF8F00661BE4 /* AllCategoriesViewModel.swift in Sources */ = {isa = PBXBuildFile; fileRef = D8DBEF102441CF8F00661BE4 /* AllCategoriesViewModel.swift */; };
		D8DBEF202441CFA400661BE4 /* CategoryList.swift in Sources */ = {isa = PBXBuildFile; fileRef = D8DBEF1A2441CFA400661BE4 /* CategoryList.swift */; };
		D8DBEF212441CFA400661BE4 /* Video.swift in Sources */ = {isa = PBXBuildFile; fileRef = D8DBEF1B2441CFA400661BE4 /* Video.swift */; };
		D8DBEF222441CFA400661BE4 /* VideoEvent.swift in Sources */ = {isa = PBXBuildFile; fileRef = D8DBEF1C2441CFA400661BE4 /* VideoEvent.swift */; };
		D8DBEF232441CFA400661BE4 /* VideoEventList.swift in Sources */ = {isa = PBXBuildFile; fileRef = D8DBEF1D2441CFA400661BE4 /* VideoEventList.swift */; };
		D8DBEF242441CFA400661BE4 /* Category.swift in Sources */ = {isa = PBXBuildFile; fileRef = D8DBEF1E2441CFA400661BE4 /* Category.swift */; };
		D8DBEF252441CFA400661BE4 /* VideoList.swift in Sources */ = {isa = PBXBuildFile; fileRef = D8DBEF1F2441CFA400661BE4 /* VideoList.swift */; };
		D8DBEF272441CFAD00661BE4 /* WordPressTVService.swift in Sources */ = {isa = PBXBuildFile; fileRef = D8DBEF262441CFAD00661BE4 /* WordPressTVService.swift */; };
		D8DE0E1A23A394DD00997FAE /* TwitterButton.swift in Sources */ = {isa = PBXBuildFile; fileRef = D8DE0E1923A394DD00997FAE /* TwitterButton.swift */; };
		D8E2B80A235989B60064A147 /* PreviewData.swift in Sources */ = {isa = PBXBuildFile; fileRef = D8E2B809235989B60064A147 /* PreviewData.swift */; };
		D8EDF13423598D660088E84B /* OpenLinkButton.swift in Sources */ = {isa = PBXBuildFile; fileRef = D8EDF13323598D660088E84B /* OpenLinkButton.swift */; };
		D8EEA5E62330362F006C32D0 /* Localizable.strings in Resources */ = {isa = PBXBuildFile; fileRef = D8EEA5E82330362F006C32D0 /* Localizable.strings */; };
		D8EEA5EA2331A075006C32D0 /* WordCampService.swift in Sources */ = {isa = PBXBuildFile; fileRef = D8EEA5E92331A075006C32D0 /* WordCampService.swift */; };
		D8EEA5EC2331A4C4006C32D0 /* EventViewModelTests.swift in Sources */ = {isa = PBXBuildFile; fileRef = D8EEA5EB2331A4C4006C32D0 /* EventViewModelTests.swift */; };
		D8EEA5EE2331A4D4006C32D0 /* Mocks.swift in Sources */ = {isa = PBXBuildFile; fileRef = D8EEA5ED2331A4D4006C32D0 /* Mocks.swift */; };
		D8EEA5F22331AB55006C32D0 /* WordCampDetailTests.swift in Sources */ = {isa = PBXBuildFile; fileRef = D8EEA5F12331AB55006C32D0 /* WordCampDetailTests.swift */; };
		D8EEA5F62331ACC7006C32D0 /* DefaultMediaService.swift in Sources */ = {isa = PBXBuildFile; fileRef = D8EEA5F52331ACC7006C32D0 /* DefaultMediaService.swift */; };
		D8EEA5F82331ACD8006C32D0 /* MediaService.swift in Sources */ = {isa = PBXBuildFile; fileRef = D8EEA5F72331ACD8006C32D0 /* MediaService.swift */; };
/* End PBXBuildFile section */

/* Begin PBXContainerItemProxy section */
		D8D42E6B235B141C00C4201B /* PBXContainerItemProxy */ = {
			isa = PBXContainerItemProxy;
			containerPortal = D8D7CFCE232D648300687E4B /* Project object */;
			proxyType = 1;
			remoteGlobalIDString = D8D42E68235B141C00C4201B;
			remoteInfo = "WordCampsWatch Extension";
		};
		D8D42E81235B141D00C4201B /* PBXContainerItemProxy */ = {
			isa = PBXContainerItemProxy;
			containerPortal = D8D7CFCE232D648300687E4B /* Project object */;
			proxyType = 1;
			remoteGlobalIDString = D8D42E5C235B141A00C4201B;
			remoteInfo = WordCampsWatch;
		};
		D8D7CFED232D648600687E4B /* PBXContainerItemProxy */ = {
			isa = PBXContainerItemProxy;
			containerPortal = D8D7CFCE232D648300687E4B /* Project object */;
			proxyType = 1;
			remoteGlobalIDString = D8D7CFD5232D648300687E4B;
			remoteInfo = WordCamp;
		};
/* End PBXContainerItemProxy section */

/* Begin PBXCopyFilesBuildPhase section */
		D8D42E84235B141D00C4201B /* Embed Watch Content */ = {
			isa = PBXCopyFilesBuildPhase;
			buildActionMask = 2147483647;
			dstPath = "$(CONTENTS_FOLDER_PATH)/Watch";
			dstSubfolderSpec = 16;
			files = (
				D8D42E83235B141D00C4201B /* WordCampsWatch.app in Embed Watch Content */,
			);
			name = "Embed Watch Content";
			runOnlyForDeploymentPostprocessing = 0;
		};
		D8D42E87235B141D00C4201B /* Embed App Extensions */ = {
			isa = PBXCopyFilesBuildPhase;
			buildActionMask = 2147483647;
			dstPath = "";
			dstSubfolderSpec = 13;
			files = (
				D8D42E6A235B141C00C4201B /* WordCampsWatch Extension.appex in Embed App Extensions */,
			);
			name = "Embed App Extensions";
			runOnlyForDeploymentPostprocessing = 0;
		};
/* End PBXCopyFilesBuildPhase section */

/* Begin PBXFileReference section */
		D8113CEB232FE28B004DD6A4 /* PhoneEventViewModel.swift */ = {isa = PBXFileReference; lastKnownFileType = sourcecode.swift; path = PhoneEventViewModel.swift; sourceTree = "<group>"; };
		D8113CED232FECA9004DD6A4 /* RemoteImage.swift */ = {isa = PBXFileReference; lastKnownFileType = sourcecode.swift; path = RemoteImage.swift; sourceTree = "<group>"; };
		D8113CEF232FEDA6004DD6A4 /* RemoteImageView.swift */ = {isa = PBXFileReference; lastKnownFileType = sourcecode.swift; path = RemoteImageView.swift; sourceTree = "<group>"; };
		D8113CF1232FF0CB004DD6A4 /* CircleImage.swift */ = {isa = PBXFileReference; lastKnownFileType = sourcecode.swift; path = CircleImage.swift; sourceTree = "<group>"; };
		D8133546235C0A850028ACD5 /* ActivityIndicator.swift */ = {isa = PBXFileReference; lastKnownFileType = sourcecode.swift; path = ActivityIndicator.swift; sourceTree = "<group>"; };
		D8133548235C0BCE0028ACD5 /* LoadingView.swift */ = {isa = PBXFileReference; lastKnownFileType = sourcecode.swift; path = LoadingView.swift; sourceTree = "<group>"; };
		D8236D3723C9BBE400725B92 /* SchedulePadding.swift */ = {isa = PBXFileReference; lastKnownFileType = sourcecode.swift; path = SchedulePadding.swift; sourceTree = "<group>"; };
		D824CD572336439C00437CC9 /* SearchBarView.swift */ = {isa = PBXFileReference; lastKnownFileType = sourcecode.swift; path = SearchBarView.swift; sourceTree = "<group>"; };
		D83310C723A5DB3100F452D4 /* WordCampTests.swift */ = {isa = PBXFileReference; lastKnownFileType = sourcecode.swift; name = WordCampTests.swift; path = WordCampTests/Model/WordCampTests.swift; sourceTree = SOURCE_ROOT; };
		D83310CB23A5DBAE00F452D4 /* wordcamp.json */ = {isa = PBXFileReference; lastKnownFileType = text.json; path = wordcamp.json; sourceTree = "<group>"; };
		D83310CD23A5DC3500F452D4 /* Loader.swift */ = {isa = PBXFileReference; lastKnownFileType = sourcecode.swift; path = Loader.swift; sourceTree = "<group>"; };
		D84794172365836500C01CAD /* WordCampAnnotation.swift */ = {isa = PBXFileReference; lastKnownFileType = sourcecode.swift; path = WordCampAnnotation.swift; sourceTree = "<group>"; };
		D8577DA7239E33A100EB6AA0 /* TVMapView.swift */ = {isa = PBXFileReference; lastKnownFileType = sourcecode.swift; path = TVMapView.swift; sourceTree = "<group>"; };
		D8577DA9239F6FBC00EB6AA0 /* ShareSheet.swift */ = {isa = PBXFileReference; lastKnownFileType = sourcecode.swift; path = ShareSheet.swift; sourceTree = "<group>"; };
		D8577DAB239F718900EB6AA0 /* ShareLinkButton.swift */ = {isa = PBXFileReference; lastKnownFileType = sourcecode.swift; path = ShareLinkButton.swift; sourceTree = "<group>"; };
		D85EABC5239A2E3C005FD940 /* WatchLoadingView.swift */ = {isa = PBXFileReference; fileEncoding = 4; lastKnownFileType = sourcecode.swift; path = WatchLoadingView.swift; sourceTree = "<group>"; };
		D8D3DC5223C9CB1600E85328 /* WordCamps.entitlements */ = {isa = PBXFileReference; lastKnownFileType = text.plist.entitlements; path = WordCamps.entitlements; sourceTree = "<group>"; };
		D8D42E5D235B141A00C4201B /* WordCampsWatch.app */ = {isa = PBXFileReference; explicitFileType = wrapper.application; includeInIndex = 0; path = WordCampsWatch.app; sourceTree = BUILT_PRODUCTS_DIR; };
		D8D42E60235B141A00C4201B /* Base */ = {isa = PBXFileReference; lastKnownFileType = file.storyboard; name = Base; path = Base.lproj/Interface.storyboard; sourceTree = "<group>"; };
		D8D42E62235B141C00C4201B /* Assets.xcassets */ = {isa = PBXFileReference; lastKnownFileType = folder.assetcatalog; path = Assets.xcassets; sourceTree = "<group>"; };
		D8D42E64235B141C00C4201B /* Info.plist */ = {isa = PBXFileReference; lastKnownFileType = text.plist.xml; path = Info.plist; sourceTree = "<group>"; };
		D8D42E69235B141C00C4201B /* WordCampsWatch Extension.appex */ = {isa = PBXFileReference; explicitFileType = "wrapper.app-extension"; includeInIndex = 0; path = "WordCampsWatch Extension.appex"; sourceTree = BUILT_PRODUCTS_DIR; };
		D8D42E70235B141C00C4201B /* HostingController.swift */ = {isa = PBXFileReference; lastKnownFileType = sourcecode.swift; path = HostingController.swift; sourceTree = "<group>"; };
		D8D42E72235B141C00C4201B /* ExtensionDelegate.swift */ = {isa = PBXFileReference; lastKnownFileType = sourcecode.swift; path = ExtensionDelegate.swift; sourceTree = "<group>"; };
		D8D42E74235B141C00C4201B /* NotificationController.swift */ = {isa = PBXFileReference; lastKnownFileType = sourcecode.swift; path = NotificationController.swift; sourceTree = "<group>"; };
		D8D42E76235B141C00C4201B /* NotificationView.swift */ = {isa = PBXFileReference; lastKnownFileType = sourcecode.swift; path = NotificationView.swift; sourceTree = "<group>"; };
		D8D42E78235B141C00C4201B /* ComplicationController.swift */ = {isa = PBXFileReference; lastKnownFileType = sourcecode.swift; path = ComplicationController.swift; sourceTree = "<group>"; };
		D8D42E7A235B141D00C4201B /* Assets.xcassets */ = {isa = PBXFileReference; lastKnownFileType = folder.assetcatalog; path = Assets.xcassets; sourceTree = "<group>"; };
		D8D42E7D235B141D00C4201B /* Preview Assets.xcassets */ = {isa = PBXFileReference; lastKnownFileType = folder.assetcatalog; path = "Preview Assets.xcassets"; sourceTree = "<group>"; };
		D8D42E7F235B141D00C4201B /* Info.plist */ = {isa = PBXFileReference; lastKnownFileType = text.plist.xml; path = Info.plist; sourceTree = "<group>"; };
		D8D42E80235B141D00C4201B /* PushNotificationPayload.apns */ = {isa = PBXFileReference; lastKnownFileType = text; path = PushNotificationPayload.apns; sourceTree = "<group>"; };
		D8D42E8E235B152300C4201B /* WatchScheduleList.swift */ = {isa = PBXFileReference; fileEncoding = 4; lastKnownFileType = sourcecode.swift; path = WatchScheduleList.swift; sourceTree = "<group>"; };
		D8D42EA2235B18BA00C4201B /* WatchEventViewModel.swift */ = {isa = PBXFileReference; lastKnownFileType = sourcecode.swift; path = WatchEventViewModel.swift; sourceTree = "<group>"; };
		D8D42EA9235B198D00C4201B /* WatchWordCampList.swift */ = {isa = PBXFileReference; lastKnownFileType = sourcecode.swift; path = WatchWordCampList.swift; sourceTree = "<group>"; };
		D8D42EAC235B1B1800C4201B /* WatchWordCampDetail.swift */ = {isa = PBXFileReference; lastKnownFileType = sourcecode.swift; path = WatchWordCampDetail.swift; sourceTree = "<group>"; };
		D8D42EAE235B1B4C00C4201B /* WatchDetailStack.swift */ = {isa = PBXFileReference; lastKnownFileType = sourcecode.swift; path = WatchDetailStack.swift; sourceTree = "<group>"; };
		D8D42EB0235B1BA400C4201B /* WatchWordCampListView.swift */ = {isa = PBXFileReference; lastKnownFileType = sourcecode.swift; path = WatchWordCampListView.swift; sourceTree = "<group>"; };
		D8D42EB9235B238800C4201B /* EventViewModel.swift */ = {isa = PBXFileReference; lastKnownFileType = sourcecode.swift; path = EventViewModel.swift; sourceTree = "<group>"; };
		D8D42EC1235B2A4D00C4201B /* WatchMapView.swift */ = {isa = PBXFileReference; lastKnownFileType = sourcecode.swift; path = WatchMapView.swift; sourceTree = "<group>"; };
		D8D42EC7235B3EB000C4201B /* WordCampsTV.app */ = {isa = PBXFileReference; explicitFileType = wrapper.application; includeInIndex = 0; path = WordCampsTV.app; sourceTree = BUILT_PRODUCTS_DIR; };
		D8D42EC9235B3EB000C4201B /* AppDelegate.swift */ = {isa = PBXFileReference; lastKnownFileType = sourcecode.swift; path = AppDelegate.swift; sourceTree = "<group>"; };
		D8D42ECB235B3EB000C4201B /* TVContentView.swift */ = {isa = PBXFileReference; lastKnownFileType = sourcecode.swift; path = TVContentView.swift; sourceTree = "<group>"; };
		D8D42ECD235B3EB200C4201B /* Assets.xcassets */ = {isa = PBXFileReference; lastKnownFileType = folder.assetcatalog; path = Assets.xcassets; sourceTree = "<group>"; };
		D8D42ED0235B3EB200C4201B /* Preview Assets.xcassets */ = {isa = PBXFileReference; lastKnownFileType = folder.assetcatalog; path = "Preview Assets.xcassets"; sourceTree = "<group>"; };
		D8D42ED3235B3EB200C4201B /* Base */ = {isa = PBXFileReference; lastKnownFileType = file.storyboard; name = Base; path = Base.lproj/LaunchScreen.storyboard; sourceTree = "<group>"; };
		D8D42ED5235B3EB200C4201B /* Info.plist */ = {isa = PBXFileReference; lastKnownFileType = text.plist.xml; path = Info.plist; sourceTree = "<group>"; };
		D8D42F16235BB79E00C4201B /* TVWordCampDetail.swift */ = {isa = PBXFileReference; lastKnownFileType = sourcecode.swift; path = TVWordCampDetail.swift; sourceTree = "<group>"; };
		D8D42F18235BB7F400C4201B /* TVDetailStack.swift */ = {isa = PBXFileReference; lastKnownFileType = sourcecode.swift; path = TVDetailStack.swift; sourceTree = "<group>"; };
		D8D42F1A235BB87000C4201B /* TVWordCampListView.swift */ = {isa = PBXFileReference; lastKnownFileType = sourcecode.swift; path = TVWordCampListView.swift; sourceTree = "<group>"; };
		D8D7CFD6232D648300687E4B /* WordCamps.app */ = {isa = PBXFileReference; explicitFileType = wrapper.application; includeInIndex = 0; path = WordCamps.app; sourceTree = BUILT_PRODUCTS_DIR; };
		D8D7CFD9232D648300687E4B /* AppDelegate.swift */ = {isa = PBXFileReference; lastKnownFileType = sourcecode.swift; path = AppDelegate.swift; sourceTree = "<group>"; };
		D8D7CFDB232D648300687E4B /* SceneDelegate.swift */ = {isa = PBXFileReference; lastKnownFileType = sourcecode.swift; path = SceneDelegate.swift; sourceTree = "<group>"; };
		D8D7CFDD232D648300687E4B /* ScheduleList.swift */ = {isa = PBXFileReference; lastKnownFileType = sourcecode.swift; path = ScheduleList.swift; sourceTree = "<group>"; };
		D8D7CFDF232D648500687E4B /* Assets.xcassets */ = {isa = PBXFileReference; lastKnownFileType = folder.assetcatalog; path = Assets.xcassets; sourceTree = "<group>"; };
		D8D7CFE2232D648500687E4B /* Preview Assets.xcassets */ = {isa = PBXFileReference; lastKnownFileType = folder.assetcatalog; path = "Preview Assets.xcassets"; sourceTree = "<group>"; };
		D8D7CFE5232D648600687E4B /* Base */ = {isa = PBXFileReference; lastKnownFileType = file.storyboard; name = Base; path = Base.lproj/LaunchScreen.storyboard; sourceTree = "<group>"; };
		D8D7CFE7232D648600687E4B /* Info.plist */ = {isa = PBXFileReference; lastKnownFileType = text.plist.xml; path = Info.plist; sourceTree = "<group>"; };
		D8D7CFEC232D648600687E4B /* WordCampsTests.xctest */ = {isa = PBXFileReference; explicitFileType = wrapper.cfbundle; includeInIndex = 0; path = WordCampsTests.xctest; sourceTree = BUILT_PRODUCTS_DIR; };
		D8D7CFF2232D648600687E4B /* Info.plist */ = {isa = PBXFileReference; lastKnownFileType = text.plist.xml; path = Info.plist; sourceTree = "<group>"; };
		D8D7CFFC232D657600687E4B /* WordCampList.swift */ = {isa = PBXFileReference; lastKnownFileType = sourcecode.swift; path = WordCampList.swift; sourceTree = "<group>"; };
		D8D7D003232D7B3100687E4B /* Date+WordCamp.swift */ = {isa = PBXFileReference; lastKnownFileType = sourcecode.swift; path = "Date+WordCamp.swift"; sourceTree = "<group>"; };
		D8D7D009232D928800687E4B /* MapView.swift */ = {isa = PBXFileReference; lastKnownFileType = sourcecode.swift; path = MapView.swift; sourceTree = "<group>"; };
		D8D7D00B232D96D100687E4B /* WordCampTitle.swift */ = {isa = PBXFileReference; lastKnownFileType = sourcecode.swift; path = WordCampTitle.swift; sourceTree = "<group>"; };
		D8D7D00D232D972800687E4B /* VenueCoordinates.swift */ = {isa = PBXFileReference; lastKnownFileType = sourcecode.swift; path = VenueCoordinates.swift; sourceTree = "<group>"; };
		D8D7D00F232D980A00687E4B /* WordCamp.swift */ = {isa = PBXFileReference; lastKnownFileType = sourcecode.swift; path = WordCamp.swift; sourceTree = "<group>"; };
		D8D7D012232D98D500687E4B /* WordCampDetail.swift */ = {isa = PBXFileReference; lastKnownFileType = sourcecode.swift; path = WordCampDetail.swift; sourceTree = "<group>"; };
		D8D7D014232D991400687E4B /* WordCampListView.swift */ = {isa = PBXFileReference; lastKnownFileType = sourcecode.swift; path = WordCampListView.swift; sourceTree = "<group>"; };
		D8D7D016232D9BB400687E4B /* SafariView.swift */ = {isa = PBXFileReference; lastKnownFileType = sourcecode.swift; path = SafariView.swift; sourceTree = "<group>"; };
		D8D7D01A232D9F7000687E4B /* WordCampContent.swift */ = {isa = PBXFileReference; lastKnownFileType = sourcecode.swift; path = WordCampContent.swift; sourceTree = "<group>"; };
		D8D7D01C232DA0DB00687E4B /* String+WordCamp.swift */ = {isa = PBXFileReference; lastKnownFileType = sourcecode.swift; path = "String+WordCamp.swift"; sourceTree = "<group>"; };
		D8D7D01E232E6CB100687E4B /* DefaultWordCampService.swift */ = {isa = PBXFileReference; lastKnownFileType = sourcecode.swift; path = DefaultWordCampService.swift; sourceTree = "<group>"; };
		D8D7D021232E6DEB00687E4B /* WordCampsViewModel.swift */ = {isa = PBXFileReference; lastKnownFileType = sourcecode.swift; path = WordCampsViewModel.swift; sourceTree = "<group>"; };
		D8D7D02B232EBF9000687E4B /* Media.swift */ = {isa = PBXFileReference; lastKnownFileType = sourcecode.swift; path = Media.swift; sourceTree = "<group>"; };
		D8DBEEE52440298C00661BE4 /* Tabs.swift */ = {isa = PBXFileReference; lastKnownFileType = sourcecode.swift; name = Tabs.swift; path = View/Tabs.swift; sourceTree = "<group>"; };
		D8DBEEF02441CF6900661BE4 /* HomeContentView.swift */ = {isa = PBXFileReference; fileEncoding = 4; lastKnownFileType = sourcecode.swift; path = HomeContentView.swift; sourceTree = "<group>"; };
		D8DBEEF12441CF6900661BE4 /* NewVideosSection.swift */ = {isa = PBXFileReference; fileEncoding = 4; lastKnownFileType = sourcecode.swift; path = NewVideosSection.swift; sourceTree = "<group>"; };
		D8DBEEF22441CF6900661BE4 /* MenuPadding.swift */ = {isa = PBXFileReference; fileEncoding = 4; lastKnownFileType = sourcecode.swift; path = MenuPadding.swift; sourceTree = "<group>"; };
		D8DBEEF32441CF6900661BE4 /* RecentVideoListView.swift */ = {isa = PBXFileReference; fileEncoding = 4; lastKnownFileType = sourcecode.swift; path = RecentVideoListView.swift; sourceTree = "<group>"; };
		D8DBEEF42441CF6900661BE4 /* HomeMenuSection.swift */ = {isa = PBXFileReference; fileEncoding = 4; lastKnownFileType = sourcecode.swift; path = HomeMenuSection.swift; sourceTree = "<group>"; };
		D8DBEEF52441CF6900661BE4 /* PopularVideosSection.swift */ = {isa = PBXFileReference; fileEncoding = 4; lastKnownFileType = sourcecode.swift; path = PopularVideosSection.swift; sourceTree = "<group>"; };
		D8DBEEFC2441CF7800661BE4 /* AllCategoriesListView.swift */ = {isa = PBXFileReference; fileEncoding = 4; lastKnownFileType = sourcecode.swift; path = AllCategoriesListView.swift; sourceTree = "<group>"; };
		D8DBEEFD2441CF7800661BE4 /* CategoryListView.swift */ = {isa = PBXFileReference; fileEncoding = 4; lastKnownFileType = sourcecode.swift; path = CategoryListView.swift; sourceTree = "<group>"; };
		D8DBEEFE2441CF7800661BE4 /* AllVideoEventsListView.swift */ = {isa = PBXFileReference; fileEncoding = 4; lastKnownFileType = sourcecode.swift; path = AllVideoEventsListView.swift; sourceTree = "<group>"; };
		D8DBEF002441CF7900661BE4 /* VideoEventDetailsView.swift */ = {isa = PBXFileReference; fileEncoding = 4; lastKnownFileType = sourcecode.swift; path = VideoEventDetailsView.swift; sourceTree = "<group>"; };
		D8DBEF012441CF7900661BE4 /* VideoEventListView.swift */ = {isa = PBXFileReference; fileEncoding = 4; lastKnownFileType = sourcecode.swift; path = VideoEventListView.swift; sourceTree = "<group>"; };
		D8DBEF092441CF8F00661BE4 /* ApplicationViewModel.swift */ = {isa = PBXFileReference; fileEncoding = 4; lastKnownFileType = sourcecode.swift; path = ApplicationViewModel.swift; sourceTree = "<group>"; };
		D8DBEF0A2441CF8F00661BE4 /* AllVideosViewModel.swift */ = {isa = PBXFileReference; fileEncoding = 4; lastKnownFileType = sourcecode.swift; path = AllVideosViewModel.swift; sourceTree = "<group>"; };
		D8DBEF0B2441CF8F00661BE4 /* CategoryViewModel.swift */ = {isa = PBXFileReference; fileEncoding = 4; lastKnownFileType = sourcecode.swift; path = CategoryViewModel.swift; sourceTree = "<group>"; };
		D8DBEF0C2441CF8F00661BE4 /* AllVideoEventsViewModel.swift */ = {isa = PBXFileReference; fileEncoding = 4; lastKnownFileType = sourcecode.swift; path = AllVideoEventsViewModel.swift; sourceTree = "<group>"; };
		D8DBEF0D2441CF8F00661BE4 /* VideoEventViewModel.swift */ = {isa = PBXFileReference; fileEncoding = 4; lastKnownFileType = sourcecode.swift; path = VideoEventViewModel.swift; sourceTree = "<group>"; };
		D8DBEF0E2441CF8F00661BE4 /* VideoViewModel.swift */ = {isa = PBXFileReference; fileEncoding = 4; lastKnownFileType = sourcecode.swift; path = VideoViewModel.swift; sourceTree = "<group>"; };
		D8DBEF0F2441CF8F00661BE4 /* PopularVideosViewModel.swift */ = {isa = PBXFileReference; fileEncoding = 4; lastKnownFileType = sourcecode.swift; path = PopularVideosViewModel.swift; sourceTree = "<group>"; };
		D8DBEF102441CF8F00661BE4 /* AllCategoriesViewModel.swift */ = {isa = PBXFileReference; fileEncoding = 4; lastKnownFileType = sourcecode.swift; path = AllCategoriesViewModel.swift; sourceTree = "<group>"; };
		D8DBEF1A2441CFA400661BE4 /* CategoryList.swift */ = {isa = PBXFileReference; fileEncoding = 4; lastKnownFileType = sourcecode.swift; path = CategoryList.swift; sourceTree = "<group>"; };
		D8DBEF1B2441CFA400661BE4 /* Video.swift */ = {isa = PBXFileReference; fileEncoding = 4; lastKnownFileType = sourcecode.swift; path = Video.swift; sourceTree = "<group>"; };
		D8DBEF1C2441CFA400661BE4 /* VideoEvent.swift */ = {isa = PBXFileReference; fileEncoding = 4; lastKnownFileType = sourcecode.swift; path = VideoEvent.swift; sourceTree = "<group>"; };
		D8DBEF1D2441CFA400661BE4 /* VideoEventList.swift */ = {isa = PBXFileReference; fileEncoding = 4; lastKnownFileType = sourcecode.swift; path = VideoEventList.swift; sourceTree = "<group>"; };
		D8DBEF1E2441CFA400661BE4 /* Category.swift */ = {isa = PBXFileReference; fileEncoding = 4; lastKnownFileType = sourcecode.swift; path = Category.swift; sourceTree = "<group>"; };
		D8DBEF1F2441CFA400661BE4 /* VideoList.swift */ = {isa = PBXFileReference; fileEncoding = 4; lastKnownFileType = sourcecode.swift; path = VideoList.swift; sourceTree = "<group>"; };
		D8DBEF262441CFAD00661BE4 /* WordPressTVService.swift */ = {isa = PBXFileReference; fileEncoding = 4; lastKnownFileType = sourcecode.swift; path = WordPressTVService.swift; sourceTree = "<group>"; };
		D8DE0E1923A394DD00997FAE /* TwitterButton.swift */ = {isa = PBXFileReference; lastKnownFileType = sourcecode.swift; path = TwitterButton.swift; sourceTree = "<group>"; };
		D8E2B809235989B60064A147 /* PreviewData.swift */ = {isa = PBXFileReference; lastKnownFileType = sourcecode.swift; path = PreviewData.swift; sourceTree = "<group>"; };
		D8EDF13323598D660088E84B /* OpenLinkButton.swift */ = {isa = PBXFileReference; lastKnownFileType = sourcecode.swift; path = OpenLinkButton.swift; sourceTree = "<group>"; };
		D8EEA5E72330362F006C32D0 /* en */ = {isa = PBXFileReference; lastKnownFileType = text.plist.strings; name = en; path = en.lproj/Localizable.strings; sourceTree = "<group>"; };
		D8EEA5E92331A075006C32D0 /* WordCampService.swift */ = {isa = PBXFileReference; lastKnownFileType = sourcecode.swift; path = WordCampService.swift; sourceTree = "<group>"; };
		D8EEA5EB2331A4C4006C32D0 /* EventViewModelTests.swift */ = {isa = PBXFileReference; lastKnownFileType = sourcecode.swift; path = EventViewModelTests.swift; sourceTree = "<group>"; };
		D8EEA5ED2331A4D4006C32D0 /* Mocks.swift */ = {isa = PBXFileReference; lastKnownFileType = sourcecode.swift; path = Mocks.swift; sourceTree = "<group>"; };
		D8EEA5F12331AB55006C32D0 /* WordCampDetailTests.swift */ = {isa = PBXFileReference; lastKnownFileType = sourcecode.swift; path = WordCampDetailTests.swift; sourceTree = "<group>"; };
		D8EEA5F52331ACC7006C32D0 /* DefaultMediaService.swift */ = {isa = PBXFileReference; fileEncoding = 4; lastKnownFileType = sourcecode.swift; path = DefaultMediaService.swift; sourceTree = "<group>"; };
		D8EEA5F72331ACD8006C32D0 /* MediaService.swift */ = {isa = PBXFileReference; lastKnownFileType = sourcecode.swift; path = MediaService.swift; sourceTree = "<group>"; };
/* End PBXFileReference section */

/* Begin PBXFrameworksBuildPhase section */
		D8D42E66235B141C00C4201B /* Frameworks */ = {
			isa = PBXFrameworksBuildPhase;
			buildActionMask = 2147483647;
			files = (
			);
			runOnlyForDeploymentPostprocessing = 0;
		};
		D8D42EC4235B3EB000C4201B /* Frameworks */ = {
			isa = PBXFrameworksBuildPhase;
			buildActionMask = 2147483647;
			files = (
			);
			runOnlyForDeploymentPostprocessing = 0;
		};
		D8D7CFD3232D648300687E4B /* Frameworks */ = {
			isa = PBXFrameworksBuildPhase;
			buildActionMask = 2147483647;
			files = (
			);
			runOnlyForDeploymentPostprocessing = 0;
		};
		D8D7CFE9232D648600687E4B /* Frameworks */ = {
			isa = PBXFrameworksBuildPhase;
			buildActionMask = 2147483647;
			files = (
			);
			runOnlyForDeploymentPostprocessing = 0;
		};
/* End PBXFrameworksBuildPhase section */

/* Begin PBXGroup section */
		D8133545235C0A300028ACD5 /* View */ = {
			isa = PBXGroup;
			children = (
				D8133546235C0A850028ACD5 /* ActivityIndicator.swift */,
				D8133548235C0BCE0028ACD5 /* LoadingView.swift */,
			);
			path = View;
			sourceTree = "<group>";
		};
		D83310C923A5DB7D00F452D4 /* Model */ = {
			isa = PBXGroup;
			children = (
				D83310C723A5DB3100F452D4 /* WordCampTests.swift */,
			);
			path = Model;
			sourceTree = "<group>";
		};
		D83310CA23A5DB8F00F452D4 /* Responses */ = {
			isa = PBXGroup;
			children = (
				D83310CB23A5DBAE00F452D4 /* wordcamp.json */,
			);
			path = Responses;
			sourceTree = "<group>";
		};
		D8D42E5E235B141A00C4201B /* WordCampsWatch */ = {
			isa = PBXGroup;
			children = (
				D8D42E5F235B141A00C4201B /* Interface.storyboard */,
				D8D42E62235B141C00C4201B /* Assets.xcassets */,
				D8D42E64235B141C00C4201B /* Info.plist */,
			);
			path = WordCampsWatch;
			sourceTree = "<group>";
		};
		D8D42E6D235B141C00C4201B /* WordCampsWatch Extension */ = {
			isa = PBXGroup;
			children = (
				D8D42EAB235B1B0900C4201B /* Views */,
				D8D42EA8235B198000C4201B /* Model */,
				D8D42EA1235B18A900C4201B /* ViewModel */,
				D8D42E8E235B152300C4201B /* WatchScheduleList.swift */,
				D8D42E70235B141C00C4201B /* HostingController.swift */,
				D8D42E72235B141C00C4201B /* ExtensionDelegate.swift */,
				D8D42E74235B141C00C4201B /* NotificationController.swift */,
				D8D42E76235B141C00C4201B /* NotificationView.swift */,
				D8D42E78235B141C00C4201B /* ComplicationController.swift */,
				D8D42E7A235B141D00C4201B /* Assets.xcassets */,
				D8D42E7F235B141D00C4201B /* Info.plist */,
				D8D42E80235B141D00C4201B /* PushNotificationPayload.apns */,
				D8D42E7C235B141D00C4201B /* Preview Content */,
			);
			path = "WordCampsWatch Extension";
			sourceTree = "<group>";
		};
		D8D42E7C235B141D00C4201B /* Preview Content */ = {
			isa = PBXGroup;
			children = (
				D8D42E7D235B141D00C4201B /* Preview Assets.xcassets */,
			);
			path = "Preview Content";
			sourceTree = "<group>";
		};
		D8D42EA1235B18A900C4201B /* ViewModel */ = {
			isa = PBXGroup;
			children = (
				D8D42EA2235B18BA00C4201B /* WatchEventViewModel.swift */,
			);
			path = ViewModel;
			sourceTree = "<group>";
		};
		D8D42EA8235B198000C4201B /* Model */ = {
			isa = PBXGroup;
			children = (
				D8D42EA9235B198D00C4201B /* WatchWordCampList.swift */,
			);
			path = Model;
			sourceTree = "<group>";
		};
		D8D42EAB235B1B0900C4201B /* Views */ = {
			isa = PBXGroup;
			children = (
				D85EABC5239A2E3C005FD940 /* WatchLoadingView.swift */,
				D8D42EAC235B1B1800C4201B /* WatchWordCampDetail.swift */,
				D8D42EAE235B1B4C00C4201B /* WatchDetailStack.swift */,
				D8D42EB0235B1BA400C4201B /* WatchWordCampListView.swift */,
				D8D42EC1235B2A4D00C4201B /* WatchMapView.swift */,
			);
			path = Views;
			sourceTree = "<group>";
		};
		D8D42EC8235B3EB000C4201B /* WordCampsTV */ = {
			isa = PBXGroup;
			children = (
				D8D42F15235BB77B00C4201B /* View */,
				D8D42EC9235B3EB000C4201B /* AppDelegate.swift */,
				D8D42ECB235B3EB000C4201B /* TVContentView.swift */,
				D8D42ECD235B3EB200C4201B /* Assets.xcassets */,
				D8D42ED2235B3EB200C4201B /* LaunchScreen.storyboard */,
				D8D42ED5235B3EB200C4201B /* Info.plist */,
				D8D42ECF235B3EB200C4201B /* Preview Content */,
			);
			path = WordCampsTV;
			sourceTree = "<group>";
		};
		D8D42ECF235B3EB200C4201B /* Preview Content */ = {
			isa = PBXGroup;
			children = (
				D8D42ED0235B3EB200C4201B /* Preview Assets.xcassets */,
			);
			path = "Preview Content";
			sourceTree = "<group>";
		};
		D8D42ED9235B3F3B00C4201B /* Shared code */ = {
			isa = PBXGroup;
			children = (
				D8133545235C0A300028ACD5 /* View */,
				D8D42EDD235B3FB700C4201B /* Model */,
				D8D42EDC235B3F9E00C4201B /* Networking */,
				D8D42EDB235B3F8000C4201B /* ViewModel */,
				D8D42EDA235B3F6300C4201B /* Extensions */,
				D8E2B8082359899B0064A147 /* Previews Support */,
			);
			path = "Shared code";
			sourceTree = "<group>";
		};
		D8D42EDA235B3F6300C4201B /* Extensions */ = {
			isa = PBXGroup;
			children = (
				D8D7D003232D7B3100687E4B /* Date+WordCamp.swift */,
			);
			path = Extensions;
			sourceTree = "<group>";
		};
		D8D42EDB235B3F8000C4201B /* ViewModel */ = {
			isa = PBXGroup;
			children = (
				D8DBEEEB2441CB8A00661BE4 /* WordCamps */,
			);
			path = ViewModel;
			sourceTree = "<group>";
		};
		D8D42EDC235B3F9E00C4201B /* Networking */ = {
			isa = PBXGroup;
			children = (
				D8EEA5E92331A075006C32D0 /* WordCampService.swift */,
				D8D7D01E232E6CB100687E4B /* DefaultWordCampService.swift */,
			);
			path = Networking;
			sourceTree = "<group>";
		};
		D8D42EDD235B3FB700C4201B /* Model */ = {
			isa = PBXGroup;
			children = (
				D8D42EB9235B238800C4201B /* EventViewModel.swift */,
				D8D7CFFC232D657600687E4B /* WordCampList.swift */,
				D8D7D00B232D96D100687E4B /* WordCampTitle.swift */,
				D8D7D00D232D972800687E4B /* VenueCoordinates.swift */,
				D8D7D00F232D980A00687E4B /* WordCamp.swift */,
				D8D7D01A232D9F7000687E4B /* WordCampContent.swift */,
			);
			path = Model;
			sourceTree = "<group>";
		};
		D8D42F15235BB77B00C4201B /* View */ = {
			isa = PBXGroup;
			children = (
				D8D42F16235BB79E00C4201B /* TVWordCampDetail.swift */,
				D8D42F18235BB7F400C4201B /* TVDetailStack.swift */,
				D8D42F1A235BB87000C4201B /* TVWordCampListView.swift */,
				D8577DA7239E33A100EB6AA0 /* TVMapView.swift */,
			);
			path = View;
			sourceTree = "<group>";
		};
		D8D7CFCD232D648300687E4B = {
			isa = PBXGroup;
			children = (
				D8D3DC5223C9CB1600E85328 /* WordCamps.entitlements */,
				D8D42ED9235B3F3B00C4201B /* Shared code */,
				D8D7CFD8232D648300687E4B /* WordCamp */,
				D8D7CFEF232D648600687E4B /* WordCampTests */,
				D8D42E5E235B141A00C4201B /* WordCampsWatch */,
				D8D42E6D235B141C00C4201B /* WordCampsWatch Extension */,
				D8D42EC8235B3EB000C4201B /* WordCampsTV */,
				D8D7CFD7232D648300687E4B /* Products */,
			);
			sourceTree = "<group>";
		};
		D8D7CFD7232D648300687E4B /* Products */ = {
			isa = PBXGroup;
			children = (
				D8D7CFD6232D648300687E4B /* WordCamps.app */,
				D8D7CFEC232D648600687E4B /* WordCampsTests.xctest */,
				D8D42E5D235B141A00C4201B /* WordCampsWatch.app */,
				D8D42E69235B141C00C4201B /* WordCampsWatch Extension.appex */,
				D8D42EC7235B3EB000C4201B /* WordCampsTV.app */,
			);
			name = Products;
			sourceTree = "<group>";
		};
		D8D7CFD8232D648300687E4B /* WordCamp */ = {
			isa = PBXGroup;
			children = (
				D8D7D011232D987500687E4B /* Extensions */,
				D8D7D008232D926800687E4B /* View */,
				D8D7D020232E6DC100687E4B /* ViewModel */,
				D8D7CFFE232D699700687E4B /* Networking */,
				D8D7CFFB232D654D00687E4B /* Model */,
				D8D7CFD9232D648300687E4B /* AppDelegate.swift */,
				D8D7CFDB232D648300687E4B /* SceneDelegate.swift */,
				D8DBEEE52440298C00661BE4 /* Tabs.swift */,
				D8D7CFDF232D648500687E4B /* Assets.xcassets */,
				D8EEA5E323303610006C32D0 /* Resources */,
				D8D7CFE4232D648600687E4B /* LaunchScreen.storyboard */,
				D8D7CFE7232D648600687E4B /* Info.plist */,
				D8D7CFE1232D648500687E4B /* Preview Content */,
			);
			path = WordCamp;
			sourceTree = "<group>";
		};
		D8D7CFE1232D648500687E4B /* Preview Content */ = {
			isa = PBXGroup;
			children = (
				D8D7CFE2232D648500687E4B /* Preview Assets.xcassets */,
			);
			path = "Preview Content";
			sourceTree = "<group>";
		};
		D8D7CFEF232D648600687E4B /* WordCampTests */ = {
			isa = PBXGroup;
			children = (
				D83310CA23A5DB8F00F452D4 /* Responses */,
				D83310C923A5DB7D00F452D4 /* Model */,
				D8EEA5F02331AB1A006C32D0 /* ViewModels */,
				D8EEA5EF2331AB11006C32D0 /* Views */,
				D8D7CFF2232D648600687E4B /* Info.plist */,
				D8EEA5ED2331A4D4006C32D0 /* Mocks.swift */,
				D83310CD23A5DC3500F452D4 /* Loader.swift */,
			);
			path = WordCampTests;
			sourceTree = "<group>";
		};
		D8D7CFFB232D654D00687E4B /* Model */ = {
			isa = PBXGroup;
			children = (
				D8DBEF192441CF9800661BE4 /* WordPressTV */,
				D8D7D02B232EBF9000687E4B /* Media.swift */,
			);
			path = Model;
			sourceTree = "<group>";
		};
		D8D7CFFE232D699700687E4B /* Networking */ = {
			isa = PBXGroup;
			children = (
				D8DBEF262441CFAD00661BE4 /* WordPressTVService.swift */,
				D8EEA5F72331ACD8006C32D0 /* MediaService.swift */,
				D8EEA5F52331ACC7006C32D0 /* DefaultMediaService.swift */,
				D8113CED232FECA9004DD6A4 /* RemoteImage.swift */,
			);
			path = Networking;
			sourceTree = "<group>";
		};
		D8D7D008232D926800687E4B /* View */ = {
			isa = PBXGroup;
			children = (
				D8DBEEEE2441CF4E00661BE4 /* WordPressTV */,
				D8DBEEEC2441CEE300661BE4 /* WordCamps */,
			);
			path = View;
			sourceTree = "<group>";
		};
		D8D7D011232D987500687E4B /* Extensions */ = {
			isa = PBXGroup;
			children = (
				D8D7D01C232DA0DB00687E4B /* String+WordCamp.swift */,
			);
			path = Extensions;
			sourceTree = "<group>";
		};
		D8D7D020232E6DC100687E4B /* ViewModel */ = {
			isa = PBXGroup;
			children = (
				D8DBEF082441CF8300661BE4 /* WordPressTV */,
				D8DBEEED2441CF1C00661BE4 /* WordCamps */,
			);
			path = ViewModel;
			sourceTree = "<group>";
		};
		D8DBEEEB2441CB8A00661BE4 /* WordCamps */ = {
			isa = PBXGroup;
			children = (
				D8D7D021232E6DEB00687E4B /* WordCampsViewModel.swift */,
				D84794172365836500C01CAD /* WordCampAnnotation.swift */,
			);
			path = WordCamps;
			sourceTree = "<group>";
		};
		D8DBEEEC2441CEE300661BE4 /* WordCamps */ = {
			isa = PBXGroup;
			children = (
				D8EDF13523598D7D0088E84B /* Details View */,
				D8D7CFDD232D648300687E4B /* ScheduleList.swift */,
				D8236D3723C9BBE400725B92 /* SchedulePadding.swift */,
				D8D7D009232D928800687E4B /* MapView.swift */,
				D8D7D014232D991400687E4B /* WordCampListView.swift */,
				D8D7D016232D9BB400687E4B /* SafariView.swift */,
				D8113CEF232FEDA6004DD6A4 /* RemoteImageView.swift */,
				D8113CF1232FF0CB004DD6A4 /* CircleImage.swift */,
				D824CD572336439C00437CC9 /* SearchBarView.swift */,
			);
			path = WordCamps;
			sourceTree = "<group>";
		};
		D8DBEEED2441CF1C00661BE4 /* WordCamps */ = {
			isa = PBXGroup;
			children = (
				D8113CEB232FE28B004DD6A4 /* PhoneEventViewModel.swift */,
			);
			path = WordCamps;
			sourceTree = "<group>";
		};
		D8DBEEEE2441CF4E00661BE4 /* WordPressTV */ = {
			isa = PBXGroup;
			children = (
				D8DBEEFC2441CF7800661BE4 /* AllCategoriesListView.swift */,
				D8DBEEFE2441CF7800661BE4 /* AllVideoEventsListView.swift */,
				D8DBEEFD2441CF7800661BE4 /* CategoryListView.swift */,
				D8DBEF002441CF7900661BE4 /* VideoEventDetailsView.swift */,
				D8DBEF012441CF7900661BE4 /* VideoEventListView.swift */,
				D8DBEEEF2441CF5A00661BE4 /* Home */,
			);
			path = WordPressTV;
			sourceTree = "<group>";
		};
		D8DBEEEF2441CF5A00661BE4 /* Home */ = {
			isa = PBXGroup;
			children = (
				D8DBEEF02441CF6900661BE4 /* HomeContentView.swift */,
				D8DBEEF42441CF6900661BE4 /* HomeMenuSection.swift */,
				D8DBEEF22441CF6900661BE4 /* MenuPadding.swift */,
				D8DBEEF12441CF6900661BE4 /* NewVideosSection.swift */,
				D8DBEEF52441CF6900661BE4 /* PopularVideosSection.swift */,
				D8DBEEF32441CF6900661BE4 /* RecentVideoListView.swift */,
			);
			path = Home;
			sourceTree = "<group>";
		};
		D8DBEF082441CF8300661BE4 /* WordPressTV */ = {
			isa = PBXGroup;
			children = (
				D8DBEF102441CF8F00661BE4 /* AllCategoriesViewModel.swift */,
				D8DBEF0C2441CF8F00661BE4 /* AllVideoEventsViewModel.swift */,
				D8DBEF0A2441CF8F00661BE4 /* AllVideosViewModel.swift */,
				D8DBEF092441CF8F00661BE4 /* ApplicationViewModel.swift */,
				D8DBEF0B2441CF8F00661BE4 /* CategoryViewModel.swift */,
				D8DBEF0F2441CF8F00661BE4 /* PopularVideosViewModel.swift */,
				D8DBEF0D2441CF8F00661BE4 /* VideoEventViewModel.swift */,
				D8DBEF0E2441CF8F00661BE4 /* VideoViewModel.swift */,
			);
			path = WordPressTV;
			sourceTree = "<group>";
		};
		D8DBEF192441CF9800661BE4 /* WordPressTV */ = {
			isa = PBXGroup;
			children = (
				D8DBEF1E2441CFA400661BE4 /* Category.swift */,
				D8DBEF1A2441CFA400661BE4 /* CategoryList.swift */,
				D8DBEF1B2441CFA400661BE4 /* Video.swift */,
				D8DBEF1C2441CFA400661BE4 /* VideoEvent.swift */,
				D8DBEF1D2441CFA400661BE4 /* VideoEventList.swift */,
				D8DBEF1F2441CFA400661BE4 /* VideoList.swift */,
			);
			path = WordPressTV;
			sourceTree = "<group>";
		};
		D8E2B8082359899B0064A147 /* Previews Support */ = {
			isa = PBXGroup;
			children = (
				D8E2B809235989B60064A147 /* PreviewData.swift */,
			);
			path = "Previews Support";
			sourceTree = "<group>";
		};
		D8EDF13523598D7D0088E84B /* Details View */ = {
			isa = PBXGroup;
			children = (
				D8D7D012232D98D500687E4B /* WordCampDetail.swift */,
				D8EDF13323598D660088E84B /* OpenLinkButton.swift */,
				D8577DA9239F6FBC00EB6AA0 /* ShareSheet.swift */,
				D8577DAB239F718900EB6AA0 /* ShareLinkButton.swift */,
				D8DE0E1923A394DD00997FAE /* TwitterButton.swift */,
			);
			path = "Details View";
			sourceTree = "<group>";
		};
		D8EEA5E323303610006C32D0 /* Resources */ = {
			isa = PBXGroup;
			children = (
				D8EEA5E82330362F006C32D0 /* Localizable.strings */,
			);
			path = Resources;
			sourceTree = "<group>";
		};
		D8EEA5EF2331AB11006C32D0 /* Views */ = {
			isa = PBXGroup;
			children = (
				D8EEA5F12331AB55006C32D0 /* WordCampDetailTests.swift */,
			);
			path = Views;
			sourceTree = "<group>";
		};
		D8EEA5F02331AB1A006C32D0 /* ViewModels */ = {
			isa = PBXGroup;
			children = (
				D8EEA5EB2331A4C4006C32D0 /* EventViewModelTests.swift */,
			);
			path = ViewModels;
			sourceTree = "<group>";
		};
/* End PBXGroup section */

/* Begin PBXNativeTarget section */
		D8D42E5C235B141A00C4201B /* WordCampsWatch */ = {
			isa = PBXNativeTarget;
			buildConfigurationList = D8D42E8B235B141D00C4201B /* Build configuration list for PBXNativeTarget "WordCampsWatch" */;
			buildPhases = (
				D8D42E5B235B141A00C4201B /* Resources */,
				D8D42E87235B141D00C4201B /* Embed App Extensions */,
			);
			buildRules = (
			);
			dependencies = (
				D8D42E6C235B141C00C4201B /* PBXTargetDependency */,
			);
			name = WordCampsWatch;
			productName = WordCampsWatch;
			productReference = D8D42E5D235B141A00C4201B /* WordCampsWatch.app */;
			productType = "com.apple.product-type.application.watchapp2";
		};
		D8D42E68235B141C00C4201B /* WordCampsWatch Extension */ = {
			isa = PBXNativeTarget;
			buildConfigurationList = D8D42E8A235B141D00C4201B /* Build configuration list for PBXNativeTarget "WordCampsWatch Extension" */;
			buildPhases = (
				D8D42E65235B141C00C4201B /* Sources */,
				D8D42E66235B141C00C4201B /* Frameworks */,
				D8D42E67235B141C00C4201B /* Resources */,
			);
			buildRules = (
			);
			dependencies = (
			);
			name = "WordCampsWatch Extension";
			productName = "WordCampsWatch Extension";
			productReference = D8D42E69235B141C00C4201B /* WordCampsWatch Extension.appex */;
			productType = "com.apple.product-type.watchkit2-extension";
		};
		D8D42EC6235B3EB000C4201B /* WordCampsTV */ = {
			isa = PBXNativeTarget;
			buildConfigurationList = D8D42ED6235B3EB200C4201B /* Build configuration list for PBXNativeTarget "WordCampsTV" */;
			buildPhases = (
				D8D42EC3235B3EB000C4201B /* Sources */,
				D8D42EC4235B3EB000C4201B /* Frameworks */,
				D8D42EC5235B3EB000C4201B /* Resources */,
			);
			buildRules = (
			);
			dependencies = (
			);
			name = WordCampsTV;
			productName = WordCampsTV;
			productReference = D8D42EC7235B3EB000C4201B /* WordCampsTV.app */;
			productType = "com.apple.product-type.application";
		};
		D8D7CFD5232D648300687E4B /* WordCamps */ = {
			isa = PBXNativeTarget;
			buildConfigurationList = D8D7CFF5232D648600687E4B /* Build configuration list for PBXNativeTarget "WordCamps" */;
			buildPhases = (
				D8D7CFD2232D648300687E4B /* Sources */,
				D8D7CFD3232D648300687E4B /* Frameworks */,
				D8D7CFD4232D648300687E4B /* Resources */,
				D8D42E84235B141D00C4201B /* Embed Watch Content */,
			);
			buildRules = (
			);
			dependencies = (
				D8D42E82235B141D00C4201B /* PBXTargetDependency */,
			);
			name = WordCamps;
			productName = WordCamp;
			productReference = D8D7CFD6232D648300687E4B /* WordCamps.app */;
			productType = "com.apple.product-type.application";
		};
		D8D7CFEB232D648600687E4B /* WordCampsTests */ = {
			isa = PBXNativeTarget;
			buildConfigurationList = D8D7CFF8232D648600687E4B /* Build configuration list for PBXNativeTarget "WordCampsTests" */;
			buildPhases = (
				D8D7CFE8232D648600687E4B /* Sources */,
				D8D7CFE9232D648600687E4B /* Frameworks */,
				D8D7CFEA232D648600687E4B /* Resources */,
			);
			buildRules = (
			);
			dependencies = (
				D8D7CFEE232D648600687E4B /* PBXTargetDependency */,
			);
			name = WordCampsTests;
			productName = WordCampTests;
			productReference = D8D7CFEC232D648600687E4B /* WordCampsTests.xctest */;
			productType = "com.apple.product-type.bundle.unit-test";
		};
/* End PBXNativeTarget section */

/* Begin PBXProject section */
		D8D7CFCE232D648300687E4B /* Project object */ = {
			isa = PBXProject;
			attributes = {
				LastSwiftUpdateCheck = 1110;
				LastUpgradeCheck = 1100;
				ORGANIZATIONNAME = automattic;
				TargetAttributes = {
					D8D42E5C235B141A00C4201B = {
						CreatedOnToolsVersion = 11.1;
					};
					D8D42E68235B141C00C4201B = {
						CreatedOnToolsVersion = 11.1;
					};
					D8D42EC6235B3EB000C4201B = {
						CreatedOnToolsVersion = 11.1;
					};
					D8D7CFD5232D648300687E4B = {
						CreatedOnToolsVersion = 11.0;
					};
					D8D7CFEB232D648600687E4B = {
						CreatedOnToolsVersion = 11.0;
						TestTargetID = D8D7CFD5232D648300687E4B;
					};
				};
			};
			buildConfigurationList = D8D7CFD1232D648300687E4B /* Build configuration list for PBXProject "WordCamps" */;
			compatibilityVersion = "Xcode 9.3";
			developmentRegion = en;
			hasScannedForEncodings = 0;
			knownRegions = (
				en,
				Base,
			);
			mainGroup = D8D7CFCD232D648300687E4B;
			productRefGroup = D8D7CFD7232D648300687E4B /* Products */;
			projectDirPath = "";
			projectRoot = "";
			targets = (
				D8D7CFD5232D648300687E4B /* WordCamps */,
				D8D7CFEB232D648600687E4B /* WordCampsTests */,
				D8D42E5C235B141A00C4201B /* WordCampsWatch */,
				D8D42E68235B141C00C4201B /* WordCampsWatch Extension */,
				D8D42EC6235B3EB000C4201B /* WordCampsTV */,
			);
		};
/* End PBXProject section */

/* Begin PBXResourcesBuildPhase section */
		D8D42E5B235B141A00C4201B /* Resources */ = {
			isa = PBXResourcesBuildPhase;
			buildActionMask = 2147483647;
			files = (
				D8D42E63235B141C00C4201B /* Assets.xcassets in Resources */,
				D8D42E61235B141A00C4201B /* Interface.storyboard in Resources */,
			);
			runOnlyForDeploymentPostprocessing = 0;
		};
		D8D42E67235B141C00C4201B /* Resources */ = {
			isa = PBXResourcesBuildPhase;
			buildActionMask = 2147483647;
			files = (
				D8D42E7E235B141D00C4201B /* Preview Assets.xcassets in Resources */,
				D8D42E7B235B141D00C4201B /* Assets.xcassets in Resources */,
			);
			runOnlyForDeploymentPostprocessing = 0;
		};
		D8D42EC5235B3EB000C4201B /* Resources */ = {
			isa = PBXResourcesBuildPhase;
			buildActionMask = 2147483647;
			files = (
				D8D42ED4235B3EB200C4201B /* LaunchScreen.storyboard in Resources */,
				D8D42ED1235B3EB200C4201B /* Preview Assets.xcassets in Resources */,
				D8D42ECE235B3EB200C4201B /* Assets.xcassets in Resources */,
			);
			runOnlyForDeploymentPostprocessing = 0;
		};
		D8D7CFD4232D648300687E4B /* Resources */ = {
			isa = PBXResourcesBuildPhase;
			buildActionMask = 2147483647;
			files = (
				D8D7CFE6232D648600687E4B /* LaunchScreen.storyboard in Resources */,
				D8EEA5E62330362F006C32D0 /* Localizable.strings in Resources */,
				D83310CC23A5DBAE00F452D4 /* wordcamp.json in Resources */,
				D8D7CFE3232D648500687E4B /* Preview Assets.xcassets in Resources */,
				D8D7CFE0232D648500687E4B /* Assets.xcassets in Resources */,
			);
			runOnlyForDeploymentPostprocessing = 0;
		};
		D8D7CFEA232D648600687E4B /* Resources */ = {
			isa = PBXResourcesBuildPhase;
			buildActionMask = 2147483647;
			files = (
			);
			runOnlyForDeploymentPostprocessing = 0;
		};
/* End PBXResourcesBuildPhase section */

/* Begin PBXSourcesBuildPhase section */
		D8D42E65235B141C00C4201B /* Sources */ = {
			isa = PBXSourcesBuildPhase;
			buildActionMask = 2147483647;
			files = (
				D8D42EAF235B1B4C00C4201B /* WatchDetailStack.swift in Sources */,
				D8D42EC2235B2A4D00C4201B /* WatchMapView.swift in Sources */,
				D8D42EBD235B267C00C4201B /* WordCampsViewModel.swift in Sources */,
				D8D42E9B235B183500C4201B /* WordCampService.swift in Sources */,
				D85EABC6239A2E3C005FD940 /* WatchLoadingView.swift in Sources */,
				D8D42E9E235B184A00C4201B /* WordCampTitle.swift in Sources */,
				D8D42E71235B141C00C4201B /* HostingController.swift in Sources */,
				D8D42E9C235B183500C4201B /* DefaultWordCampService.swift in Sources */,
				D8D42EA4235B18EF00C4201B /* Date+WordCamp.swift in Sources */,
				D8D42E75235B141C00C4201B /* NotificationController.swift in Sources */,
				D8D42E8F235B152300C4201B /* WatchScheduleList.swift in Sources */,
				D8D42E73235B141C00C4201B /* ExtensionDelegate.swift in Sources */,
				D8D42E9F235B184E00C4201B /* WordCampContent.swift in Sources */,
				D8D42E77235B141C00C4201B /* NotificationView.swift in Sources */,
				D8D42EB8235B211200C4201B /* PreviewData.swift in Sources */,
				D8D42E79235B141C00C4201B /* ComplicationController.swift in Sources */,
				D8D42EB1235B1BA400C4201B /* WatchWordCampListView.swift in Sources */,
				D8D42E9D235B184100C4201B /* WordCamp.swift in Sources */,
				D8D42EA0235B185700C4201B /* VenueCoordinates.swift in Sources */,
				D8D42EAD235B1B1800C4201B /* WatchWordCampDetail.swift in Sources */,
				D8D42EAA235B198D00C4201B /* WatchWordCampList.swift in Sources */,
				D8D42EBE235B268100C4201B /* WordCampList.swift in Sources */,
				D84794192365836B00C01CAD /* WordCampAnnotation.swift in Sources */,
				D8D42EBC235B247500C4201B /* EventViewModel.swift in Sources */,
				D8D42EA3235B18BA00C4201B /* WatchEventViewModel.swift in Sources */,
			);
			runOnlyForDeploymentPostprocessing = 0;
		};
		D8D42EC3235B3EB000C4201B /* Sources */ = {
			isa = PBXSourcesBuildPhase;
			buildActionMask = 2147483647;
			files = (
				D8D42EFB235BB61100C4201B /* WordCampTitle.swift in Sources */,
				D8D42F19235BB7F500C4201B /* TVDetailStack.swift in Sources */,
				D8D42F05235BB67600C4201B /* RemoteImage.swift in Sources */,
				D8D42EF7235BB5FD00C4201B /* WordCampsViewModel.swift in Sources */,
				D813354A235C11790028ACD5 /* ActivityIndicator.swift in Sources */,
				D8D42ECC235B3EB000C4201B /* TVContentView.swift in Sources */,
				D8D42EFA235BB61100C4201B /* WordCampList.swift in Sources */,
				D813354B235C11790028ACD5 /* LoadingView.swift in Sources */,
				D8D42F17235BB79E00C4201B /* TVWordCampDetail.swift in Sources */,
				D8D42F01235BB61C00C4201B /* PreviewData.swift in Sources */,
				D8D42EF8235BB60A00C4201B /* WordCampService.swift in Sources */,
				D8D42F03235BB67600C4201B /* MediaService.swift in Sources */,
				D8D42F02235BB65D00C4201B /* PhoneEventViewModel.swift in Sources */,
				D8D42F0D235BB6FF00C4201B /* CircleImage.swift in Sources */,
				D8D42EF9235BB61100C4201B /* EventViewModel.swift in Sources */,
				D8D42ECA235B3EB000C4201B /* AppDelegate.swift in Sources */,
				D8D42F04235BB67600C4201B /* DefaultMediaService.swift in Sources */,
				D8577DA8239E33A100EB6AA0 /* TVMapView.swift in Sources */,
				D8D42F0E235BB70300C4201B /* RemoteImageView.swift in Sources */,
				D8D42F07235BB68600C4201B /* String+WordCamp.swift in Sources */,
				D8D42EFC235BB61100C4201B /* VenueCoordinates.swift in Sources */,
				D8D42F00235BB61900C4201B /* Date+WordCamp.swift in Sources */,
				D8D42F06235BB67900C4201B /* Media.swift in Sources */,
				D8D42F1B235BB87000C4201B /* TVWordCampListView.swift in Sources */,
				D8D42EFE235BB61100C4201B /* WordCampContent.swift in Sources */,
				D847941A2365836C00C01CAD /* WordCampAnnotation.swift in Sources */,
				D8D42EFD235BB61100C4201B /* WordCamp.swift in Sources */,
				D8D42EFF235BB61400C4201B /* DefaultWordCampService.swift in Sources */,
			);
			runOnlyForDeploymentPostprocessing = 0;
		};
		D8D7CFD2232D648300687E4B /* Sources */ = {
			isa = PBXSourcesBuildPhase;
			buildActionMask = 2147483647;
			files = (
				D8DBEF252441CFA400661BE4 /* VideoList.swift in Sources */,
				D8DBEF232441CFA400661BE4 /* VideoEventList.swift in Sources */,
				D8DBEEF92441CF6900661BE4 /* RecentVideoListView.swift in Sources */,
				D8D7CFDA232D648300687E4B /* AppDelegate.swift in Sources */,
				D8DBEF242441CFA400661BE4 /* Category.swift in Sources */,
				D8DBEEF62441CF6900661BE4 /* HomeContentView.swift in Sources */,
				D8D7D00A232D928800687E4B /* MapView.swift in Sources */,
				D8D7D00C232D96D100687E4B /* WordCampTitle.swift in Sources */,
				D8DBEF212441CFA400661BE4 /* Video.swift in Sources */,
				D8577DAC239F718900EB6AA0 /* ShareLinkButton.swift in Sources */,
				D8D7CFDC232D648300687E4B /* SceneDelegate.swift in Sources */,
				D8DBEEE62440298C00661BE4 /* Tabs.swift in Sources */,
				D8DE0E1A23A394DD00997FAE /* TwitterButton.swift in Sources */,
				D8EDF13423598D660088E84B /* OpenLinkButton.swift in Sources */,
				D8E2B80A235989B60064A147 /* PreviewData.swift in Sources */,
				D8D7CFFD232D657600687E4B /* WordCampList.swift in Sources */,
				D8DBEEF72441CF6900661BE4 /* NewVideosSection.swift in Sources */,
				D8DBEF182441CF8F00661BE4 /* AllCategoriesViewModel.swift in Sources */,
				D824CD582336439C00437CC9 /* SearchBarView.swift in Sources */,
				D8113CEE232FECA9004DD6A4 /* RemoteImage.swift in Sources */,
				D8EEA5F82331ACD8006C32D0 /* MediaService.swift in Sources */,
				D8DBEF062441CF7900661BE4 /* VideoEventDetailsView.swift in Sources */,
				D8D7D017232D9BB400687E4B /* SafariView.swift in Sources */,
				D8DBEF272441CFAD00661BE4 /* WordPressTVService.swift in Sources */,
				D8DBEEF82441CF6900661BE4 /* MenuPadding.swift in Sources */,
				D8D7D015232D991400687E4B /* WordCampListView.swift in Sources */,
				D8D7D004232D7B3100687E4B /* Date+WordCamp.swift in Sources */,
				D8DBEF112441CF8F00661BE4 /* ApplicationViewModel.swift in Sources */,
				D8EEA5EA2331A075006C32D0 /* WordCampService.swift in Sources */,
				D8113CEC232FE28B004DD6A4 /* PhoneEventViewModel.swift in Sources */,
				D8133547235C0A850028ACD5 /* ActivityIndicator.swift in Sources */,
				D8236D3823C9BBE400725B92 /* SchedulePadding.swift in Sources */,
				D8DBEEFB2441CF6900661BE4 /* PopularVideosSection.swift in Sources */,
				D8D42EBB235B245500C4201B /* EventViewModel.swift in Sources */,
				D83310CE23A5DC3500F452D4 /* Loader.swift in Sources */,
				D8D7CFDE232D648300687E4B /* ScheduleList.swift in Sources */,
				D8DBEF222441CFA400661BE4 /* VideoEvent.swift in Sources */,
				D8D7D010232D980A00687E4B /* WordCamp.swift in Sources */,
				D8113CF0232FEDA6004DD6A4 /* RemoteImageView.swift in Sources */,
				D84794182365836500C01CAD /* WordCampAnnotation.swift in Sources */,
				D8D7D00E232D972800687E4B /* VenueCoordinates.swift in Sources */,
				D8D7D01B232D9F7000687E4B /* WordCampContent.swift in Sources */,
				D8DBEF142441CF8F00661BE4 /* AllVideoEventsViewModel.swift in Sources */,
				D8577DAA239F6FBC00EB6AA0 /* ShareSheet.swift in Sources */,
				D8D7D013232D98D500687E4B /* WordCampDetail.swift in Sources */,
				D8DBEF162441CF8F00661BE4 /* VideoViewModel.swift in Sources */,
				D8DBEF042441CF7900661BE4 /* AllVideoEventsListView.swift in Sources */,
				D8DBEF172441CF8F00661BE4 /* PopularVideosViewModel.swift in Sources */,
				D8D7D02C232EBF9000687E4B /* Media.swift in Sources */,
				D8DBEF022441CF7900661BE4 /* AllCategoriesListView.swift in Sources */,
				D8DBEF072441CF7900661BE4 /* VideoEventListView.swift in Sources */,
				D8D7D01F232E6CB100687E4B /* DefaultWordCampService.swift in Sources */,
				D8113CF2232FF0CB004DD6A4 /* CircleImage.swift in Sources */,
				D8DBEF032441CF7900661BE4 /* CategoryListView.swift in Sources */,
				D8EEA5F62331ACC7006C32D0 /* DefaultMediaService.swift in Sources */,
				D8DBEF122441CF8F00661BE4 /* AllVideosViewModel.swift in Sources */,
				D8D7D01D232DA0DB00687E4B /* String+WordCamp.swift in Sources */,
				D8DBEF132441CF8F00661BE4 /* CategoryViewModel.swift in Sources */,
				D8133549235C0BCE0028ACD5 /* LoadingView.swift in Sources */,
				D8DBEF152441CF8F00661BE4 /* VideoEventViewModel.swift in Sources */,
				D8DBEF202441CFA400661BE4 /* CategoryList.swift in Sources */,
				D8D7D022232E6DEB00687E4B /* WordCampsViewModel.swift in Sources */,
				D8DBEEFA2441CF6900661BE4 /* HomeMenuSection.swift in Sources */,
			);
			runOnlyForDeploymentPostprocessing = 0;
		};
		D8D7CFE8232D648600687E4B /* Sources */ = {
			isa = PBXSourcesBuildPhase;
			buildActionMask = 2147483647;
			files = (
				D8EEA5EC2331A4C4006C32D0 /* EventViewModelTests.swift in Sources */,
				D8EEA5EE2331A4D4006C32D0 /* Mocks.swift in Sources */,
				D83310C823A5DB3100F452D4 /* WordCampTests.swift in Sources */,
				D8EEA5F22331AB55006C32D0 /* WordCampDetailTests.swift in Sources */,
			);
			runOnlyForDeploymentPostprocessing = 0;
		};
/* End PBXSourcesBuildPhase section */

/* Begin PBXTargetDependency section */
		D8D42E6C235B141C00C4201B /* PBXTargetDependency */ = {
			isa = PBXTargetDependency;
			target = D8D42E68235B141C00C4201B /* WordCampsWatch Extension */;
			targetProxy = D8D42E6B235B141C00C4201B /* PBXContainerItemProxy */;
		};
		D8D42E82235B141D00C4201B /* PBXTargetDependency */ = {
			isa = PBXTargetDependency;
			platformFilter = ios;
			target = D8D42E5C235B141A00C4201B /* WordCampsWatch */;
			targetProxy = D8D42E81235B141D00C4201B /* PBXContainerItemProxy */;
		};
		D8D7CFEE232D648600687E4B /* PBXTargetDependency */ = {
			isa = PBXTargetDependency;
			target = D8D7CFD5232D648300687E4B /* WordCamps */;
			targetProxy = D8D7CFED232D648600687E4B /* PBXContainerItemProxy */;
		};
/* End PBXTargetDependency section */

/* Begin PBXVariantGroup section */
		D8D42E5F235B141A00C4201B /* Interface.storyboard */ = {
			isa = PBXVariantGroup;
			children = (
				D8D42E60235B141A00C4201B /* Base */,
			);
			name = Interface.storyboard;
			sourceTree = "<group>";
		};
		D8D42ED2235B3EB200C4201B /* LaunchScreen.storyboard */ = {
			isa = PBXVariantGroup;
			children = (
				D8D42ED3235B3EB200C4201B /* Base */,
			);
			name = LaunchScreen.storyboard;
			sourceTree = "<group>";
		};
		D8D7CFE4232D648600687E4B /* LaunchScreen.storyboard */ = {
			isa = PBXVariantGroup;
			children = (
				D8D7CFE5232D648600687E4B /* Base */,
			);
			name = LaunchScreen.storyboard;
			sourceTree = "<group>";
		};
		D8EEA5E82330362F006C32D0 /* Localizable.strings */ = {
			isa = PBXVariantGroup;
			children = (
				D8EEA5E72330362F006C32D0 /* en */,
			);
			name = Localizable.strings;
			sourceTree = "<group>";
		};
/* End PBXVariantGroup section */

/* Begin XCBuildConfiguration section */
		D8D42E85235B141D00C4201B /* Debug */ = {
			isa = XCBuildConfiguration;
			buildSettings = {
				ALWAYS_EMBED_SWIFT_STANDARD_LIBRARIES = YES;
				ASSETCATALOG_COMPILER_APPICON_NAME = AppIcon;
				CODE_SIGN_STYLE = Automatic;
				CURRENT_PROJECT_VERSION = 19;
				DEVELOPMENT_TEAM = 7UD4LXU79B;
				IBSC_MODULE = WordCampsWatch_Extension;
				INFOPLIST_FILE = WordCampsWatch/Info.plist;
				PRODUCT_BUNDLE_IDENTIFIER = com.ctarda.wordcamps.watchkitapp;
				PRODUCT_NAME = "$(TARGET_NAME)";
				SDKROOT = watchos;
				SKIP_INSTALL = YES;
				SWIFT_VERSION = 5.0;
				TARGETED_DEVICE_FAMILY = 4;
				WATCHOS_DEPLOYMENT_TARGET = 6.0;
			};
			name = Debug;
		};
		D8D42E86235B141D00C4201B /* Release */ = {
			isa = XCBuildConfiguration;
			buildSettings = {
				ALWAYS_EMBED_SWIFT_STANDARD_LIBRARIES = YES;
				ASSETCATALOG_COMPILER_APPICON_NAME = AppIcon;
				CODE_SIGN_STYLE = Automatic;
				CURRENT_PROJECT_VERSION = 19;
				DEVELOPMENT_TEAM = 7UD4LXU79B;
				IBSC_MODULE = WordCampsWatch_Extension;
				INFOPLIST_FILE = WordCampsWatch/Info.plist;
				PRODUCT_BUNDLE_IDENTIFIER = com.ctarda.wordcamps.watchkitapp;
				PRODUCT_NAME = "$(TARGET_NAME)";
				SDKROOT = watchos;
				SKIP_INSTALL = YES;
				SWIFT_VERSION = 5.0;
				TARGETED_DEVICE_FAMILY = 4;
				WATCHOS_DEPLOYMENT_TARGET = 6.0;
			};
			name = Release;
		};
		D8D42E88235B141D00C4201B /* Debug */ = {
			isa = XCBuildConfiguration;
			buildSettings = {
				ASSETCATALOG_COMPILER_COMPLICATION_NAME = Complication;
				CODE_SIGN_STYLE = Automatic;
				CURRENT_PROJECT_VERSION = 19;
				DEVELOPMENT_ASSET_PATHS = "\"WordCampsWatch Extension/Preview Content\"";
				DEVELOPMENT_TEAM = 7UD4LXU79B;
				ENABLE_PREVIEWS = YES;
				INFOPLIST_FILE = "WordCampsWatch Extension/Info.plist";
				LD_RUNPATH_SEARCH_PATHS = (
					"$(inherited)",
					"@executable_path/Frameworks",
					"@executable_path/../../Frameworks",
				);
				PRODUCT_BUNDLE_IDENTIFIER = com.ctarda.wordcamps.watchkitapp.watchkitextension;
				PRODUCT_NAME = "${TARGET_NAME}";
				SDKROOT = watchos;
				SKIP_INSTALL = YES;
				SWIFT_VERSION = 5.0;
				TARGETED_DEVICE_FAMILY = 4;
				WATCHOS_DEPLOYMENT_TARGET = 6.0;
			};
			name = Debug;
		};
		D8D42E89235B141D00C4201B /* Release */ = {
			isa = XCBuildConfiguration;
			buildSettings = {
				ASSETCATALOG_COMPILER_COMPLICATION_NAME = Complication;
				CODE_SIGN_STYLE = Automatic;
				CURRENT_PROJECT_VERSION = 19;
				DEVELOPMENT_ASSET_PATHS = "\"WordCampsWatch Extension/Preview Content\"";
				DEVELOPMENT_TEAM = 7UD4LXU79B;
				ENABLE_PREVIEWS = YES;
				INFOPLIST_FILE = "WordCampsWatch Extension/Info.plist";
				LD_RUNPATH_SEARCH_PATHS = (
					"$(inherited)",
					"@executable_path/Frameworks",
					"@executable_path/../../Frameworks",
				);
				PRODUCT_BUNDLE_IDENTIFIER = com.ctarda.wordcamps.watchkitapp.watchkitextension;
				PRODUCT_NAME = "${TARGET_NAME}";
				SDKROOT = watchos;
				SKIP_INSTALL = YES;
				SWIFT_VERSION = 5.0;
				TARGETED_DEVICE_FAMILY = 4;
				WATCHOS_DEPLOYMENT_TARGET = 6.0;
			};
			name = Release;
		};
		D8D42ED7235B3EB200C4201B /* Debug */ = {
			isa = XCBuildConfiguration;
			buildSettings = {
				ASSETCATALOG_COMPILER_APPICON_NAME = "App Icon & Top Shelf Image";
				CODE_SIGN_STYLE = Automatic;
				CURRENT_PROJECT_VERSION = 19;
				DEVELOPMENT_ASSET_PATHS = "\"WordCampsTV/Preview Content\"";
				DEVELOPMENT_TEAM = 7UD4LXU79B;
				ENABLE_PREVIEWS = YES;
				INFOPLIST_FILE = WordCampsTV/Info.plist;
				LD_RUNPATH_SEARCH_PATHS = (
					"$(inherited)",
					"@executable_path/Frameworks",
				);
				PRODUCT_BUNDLE_IDENTIFIER = com.ctarda.wordcampstv;
				PRODUCT_NAME = "$(TARGET_NAME)";
				SDKROOT = appletvos;
				SWIFT_VERSION = 5.0;
				TARGETED_DEVICE_FAMILY = 3;
				TVOS_DEPLOYMENT_TARGET = 13.0;
			};
			name = Debug;
		};
		D8D42ED8235B3EB200C4201B /* Release */ = {
			isa = XCBuildConfiguration;
			buildSettings = {
				ASSETCATALOG_COMPILER_APPICON_NAME = "App Icon & Top Shelf Image";
				CODE_SIGN_STYLE = Automatic;
				CURRENT_PROJECT_VERSION = 19;
				DEVELOPMENT_ASSET_PATHS = "\"WordCampsTV/Preview Content\"";
				DEVELOPMENT_TEAM = 7UD4LXU79B;
				ENABLE_PREVIEWS = YES;
				INFOPLIST_FILE = WordCampsTV/Info.plist;
				LD_RUNPATH_SEARCH_PATHS = (
					"$(inherited)",
					"@executable_path/Frameworks",
				);
				PRODUCT_BUNDLE_IDENTIFIER = com.ctarda.wordcampstv;
				PRODUCT_NAME = "$(TARGET_NAME)";
				SDKROOT = appletvos;
				SWIFT_VERSION = 5.0;
				TARGETED_DEVICE_FAMILY = 3;
				TVOS_DEPLOYMENT_TARGET = 13.0;
			};
			name = Release;
		};
		D8D7CFF3232D648600687E4B /* Debug */ = {
			isa = XCBuildConfiguration;
			buildSettings = {
				ALWAYS_SEARCH_USER_PATHS = NO;
				CLANG_ANALYZER_NONNULL = YES;
				CLANG_ANALYZER_NUMBER_OBJECT_CONVERSION = YES_AGGRESSIVE;
				CLANG_CXX_LANGUAGE_STANDARD = "gnu++14";
				CLANG_CXX_LIBRARY = "libc++";
				CLANG_ENABLE_MODULES = YES;
				CLANG_ENABLE_OBJC_ARC = YES;
				CLANG_ENABLE_OBJC_WEAK = YES;
				CLANG_WARN_BLOCK_CAPTURE_AUTORELEASING = YES;
				CLANG_WARN_BOOL_CONVERSION = YES;
				CLANG_WARN_COMMA = YES;
				CLANG_WARN_CONSTANT_CONVERSION = YES;
				CLANG_WARN_DEPRECATED_OBJC_IMPLEMENTATIONS = YES;
				CLANG_WARN_DIRECT_OBJC_ISA_USAGE = YES_ERROR;
				CLANG_WARN_DOCUMENTATION_COMMENTS = YES;
				CLANG_WARN_EMPTY_BODY = YES;
				CLANG_WARN_ENUM_CONVERSION = YES;
				CLANG_WARN_INFINITE_RECURSION = YES;
				CLANG_WARN_INT_CONVERSION = YES;
				CLANG_WARN_NON_LITERAL_NULL_CONVERSION = YES;
				CLANG_WARN_OBJC_IMPLICIT_RETAIN_SELF = YES;
				CLANG_WARN_OBJC_LITERAL_CONVERSION = YES;
				CLANG_WARN_OBJC_ROOT_CLASS = YES_ERROR;
				CLANG_WARN_RANGE_LOOP_ANALYSIS = YES;
				CLANG_WARN_STRICT_PROTOTYPES = YES;
				CLANG_WARN_SUSPICIOUS_MOVE = YES;
				CLANG_WARN_UNGUARDED_AVAILABILITY = YES_AGGRESSIVE;
				CLANG_WARN_UNREACHABLE_CODE = YES;
				CLANG_WARN__DUPLICATE_METHOD_MATCH = YES;
				COPY_PHASE_STRIP = NO;
				DEBUG_INFORMATION_FORMAT = dwarf;
				ENABLE_STRICT_OBJC_MSGSEND = YES;
				ENABLE_TESTABILITY = YES;
				GCC_C_LANGUAGE_STANDARD = gnu11;
				GCC_DYNAMIC_NO_PIC = NO;
				GCC_NO_COMMON_BLOCKS = YES;
				GCC_OPTIMIZATION_LEVEL = 0;
				GCC_PREPROCESSOR_DEFINITIONS = (
					"DEBUG=1",
					"$(inherited)",
				);
				GCC_WARN_64_TO_32_BIT_CONVERSION = YES;
				GCC_WARN_ABOUT_RETURN_TYPE = YES_ERROR;
				GCC_WARN_UNDECLARED_SELECTOR = YES;
				GCC_WARN_UNINITIALIZED_AUTOS = YES_AGGRESSIVE;
				GCC_WARN_UNUSED_FUNCTION = YES;
				GCC_WARN_UNUSED_VARIABLE = YES;
				IPHONEOS_DEPLOYMENT_TARGET = 13.0;
				MTL_ENABLE_DEBUG_INFO = INCLUDE_SOURCE;
				MTL_FAST_MATH = YES;
				ONLY_ACTIVE_ARCH = YES;
				SDKROOT = iphoneos;
				SWIFT_ACTIVE_COMPILATION_CONDITIONS = DEBUG;
				SWIFT_OPTIMIZATION_LEVEL = "-Onone";
			};
			name = Debug;
		};
		D8D7CFF4232D648600687E4B /* Release */ = {
			isa = XCBuildConfiguration;
			buildSettings = {
				ALWAYS_SEARCH_USER_PATHS = NO;
				CLANG_ANALYZER_NONNULL = YES;
				CLANG_ANALYZER_NUMBER_OBJECT_CONVERSION = YES_AGGRESSIVE;
				CLANG_CXX_LANGUAGE_STANDARD = "gnu++14";
				CLANG_CXX_LIBRARY = "libc++";
				CLANG_ENABLE_MODULES = YES;
				CLANG_ENABLE_OBJC_ARC = YES;
				CLANG_ENABLE_OBJC_WEAK = YES;
				CLANG_WARN_BLOCK_CAPTURE_AUTORELEASING = YES;
				CLANG_WARN_BOOL_CONVERSION = YES;
				CLANG_WARN_COMMA = YES;
				CLANG_WARN_CONSTANT_CONVERSION = YES;
				CLANG_WARN_DEPRECATED_OBJC_IMPLEMENTATIONS = YES;
				CLANG_WARN_DIRECT_OBJC_ISA_USAGE = YES_ERROR;
				CLANG_WARN_DOCUMENTATION_COMMENTS = YES;
				CLANG_WARN_EMPTY_BODY = YES;
				CLANG_WARN_ENUM_CONVERSION = YES;
				CLANG_WARN_INFINITE_RECURSION = YES;
				CLANG_WARN_INT_CONVERSION = YES;
				CLANG_WARN_NON_LITERAL_NULL_CONVERSION = YES;
				CLANG_WARN_OBJC_IMPLICIT_RETAIN_SELF = YES;
				CLANG_WARN_OBJC_LITERAL_CONVERSION = YES;
				CLANG_WARN_OBJC_ROOT_CLASS = YES_ERROR;
				CLANG_WARN_RANGE_LOOP_ANALYSIS = YES;
				CLANG_WARN_STRICT_PROTOTYPES = YES;
				CLANG_WARN_SUSPICIOUS_MOVE = YES;
				CLANG_WARN_UNGUARDED_AVAILABILITY = YES_AGGRESSIVE;
				CLANG_WARN_UNREACHABLE_CODE = YES;
				CLANG_WARN__DUPLICATE_METHOD_MATCH = YES;
				COPY_PHASE_STRIP = NO;
				DEBUG_INFORMATION_FORMAT = "dwarf-with-dsym";
				ENABLE_NS_ASSERTIONS = NO;
				ENABLE_STRICT_OBJC_MSGSEND = YES;
				GCC_C_LANGUAGE_STANDARD = gnu11;
				GCC_NO_COMMON_BLOCKS = YES;
				GCC_WARN_64_TO_32_BIT_CONVERSION = YES;
				GCC_WARN_ABOUT_RETURN_TYPE = YES_ERROR;
				GCC_WARN_UNDECLARED_SELECTOR = YES;
				GCC_WARN_UNINITIALIZED_AUTOS = YES_AGGRESSIVE;
				GCC_WARN_UNUSED_FUNCTION = YES;
				GCC_WARN_UNUSED_VARIABLE = YES;
				IPHONEOS_DEPLOYMENT_TARGET = 13.0;
				MTL_ENABLE_DEBUG_INFO = NO;
				MTL_FAST_MATH = YES;
				SDKROOT = iphoneos;
				SWIFT_COMPILATION_MODE = wholemodule;
				SWIFT_OPTIMIZATION_LEVEL = "-O";
				VALIDATE_PRODUCT = YES;
			};
			name = Release;
		};
		D8D7CFF6232D648600687E4B /* Debug */ = {
			isa = XCBuildConfiguration;
			buildSettings = {
				ASSETCATALOG_COMPILER_APPICON_NAME = AppIcon;
				CODE_SIGN_ENTITLEMENTS = WordCamps.entitlements;
				CODE_SIGN_STYLE = Automatic;
				CURRENT_PROJECT_VERSION = 19;
				DERIVE_MACCATALYST_PRODUCT_BUNDLE_IDENTIFIER = YES;
				DEVELOPMENT_ASSET_PATHS = "\"WordCamp/Preview Content\"";
				DEVELOPMENT_TEAM = 7UD4LXU79B;
				ENABLE_PREVIEWS = YES;
				INFOPLIST_FILE = WordCamp/Info.plist;
				LD_RUNPATH_SEARCH_PATHS = (
					"$(inherited)",
					"@executable_path/Frameworks",
				);
				PRODUCT_BUNDLE_IDENTIFIER = com.ctarda.wordcamps;
				PRODUCT_NAME = "$(TARGET_NAME)";
				SUPPORTS_MACCATALYST = YES;
				SWIFT_VERSION = 5.0;
				TARGETED_DEVICE_FAMILY = "1,2";
			};
			name = Debug;
		};
		D8D7CFF7232D648600687E4B /* Release */ = {
			isa = XCBuildConfiguration;
			buildSettings = {
				ASSETCATALOG_COMPILER_APPICON_NAME = AppIcon;
				CODE_SIGN_ENTITLEMENTS = WordCamps.entitlements;
				CODE_SIGN_STYLE = Automatic;
				CURRENT_PROJECT_VERSION = 19;
				DERIVE_MACCATALYST_PRODUCT_BUNDLE_IDENTIFIER = YES;
				DEVELOPMENT_ASSET_PATHS = "\"WordCamp/Preview Content\"";
				DEVELOPMENT_TEAM = 7UD4LXU79B;
				ENABLE_PREVIEWS = YES;
				INFOPLIST_FILE = WordCamp/Info.plist;
				LD_RUNPATH_SEARCH_PATHS = (
					"$(inherited)",
					"@executable_path/Frameworks",
				);
				PRODUCT_BUNDLE_IDENTIFIER = com.ctarda.wordcamps;
				PRODUCT_NAME = "$(TARGET_NAME)";
				SUPPORTS_MACCATALYST = YES;
				SWIFT_VERSION = 5.0;
				TARGETED_DEVICE_FAMILY = "1,2";
			};
			name = Release;
		};
		D8D7CFF9232D648600687E4B /* Debug */ = {
			isa = XCBuildConfiguration;
			buildSettings = {
				ALWAYS_EMBED_SWIFT_STANDARD_LIBRARIES = YES;
				BUNDLE_LOADER = "$(TEST_HOST)";
				CODE_SIGN_STYLE = Automatic;
				DEVELOPMENT_TEAM = 7UD4LXU79B;
				INFOPLIST_FILE = WordCampTests/Info.plist;
				IPHONEOS_DEPLOYMENT_TARGET = 13.0;
				LD_RUNPATH_SEARCH_PATHS = (
					"$(inherited)",
					"@executable_path/Frameworks",
					"@loader_path/Frameworks",
				);
				PRODUCT_BUNDLE_IDENTIFIER = com.automattic.WordCampTests;
				PRODUCT_NAME = "$(TARGET_NAME)";
				SWIFT_VERSION = 5.0;
				TARGETED_DEVICE_FAMILY = "1,2";
				TEST_HOST = "$(BUILT_PRODUCTS_DIR)/WordCamps.app/WordCamps";
			};
			name = Debug;
		};
		D8D7CFFA232D648600687E4B /* Release */ = {
			isa = XCBuildConfiguration;
			buildSettings = {
				ALWAYS_EMBED_SWIFT_STANDARD_LIBRARIES = YES;
				BUNDLE_LOADER = "$(TEST_HOST)";
				CODE_SIGN_STYLE = Automatic;
				DEVELOPMENT_TEAM = 7UD4LXU79B;
				INFOPLIST_FILE = WordCampTests/Info.plist;
				IPHONEOS_DEPLOYMENT_TARGET = 13.0;
				LD_RUNPATH_SEARCH_PATHS = (
					"$(inherited)",
					"@executable_path/Frameworks",
					"@loader_path/Frameworks",
				);
				PRODUCT_BUNDLE_IDENTIFIER = com.automattic.WordCampTests;
				PRODUCT_NAME = "$(TARGET_NAME)";
				SWIFT_VERSION = 5.0;
				TARGETED_DEVICE_FAMILY = "1,2";
				TEST_HOST = "$(BUILT_PRODUCTS_DIR)/WordCamps.app/WordCamps";
			};
			name = Release;
		};
/* End XCBuildConfiguration section */

/* Begin XCConfigurationList section */
		D8D42E8A235B141D00C4201B /* Build configuration list for PBXNativeTarget "WordCampsWatch Extension" */ = {
			isa = XCConfigurationList;
			buildConfigurations = (
				D8D42E88235B141D00C4201B /* Debug */,
				D8D42E89235B141D00C4201B /* Release */,
			);
			defaultConfigurationIsVisible = 0;
			defaultConfigurationName = Release;
		};
		D8D42E8B235B141D00C4201B /* Build configuration list for PBXNativeTarget "WordCampsWatch" */ = {
			isa = XCConfigurationList;
			buildConfigurations = (
				D8D42E85235B141D00C4201B /* Debug */,
				D8D42E86235B141D00C4201B /* Release */,
			);
			defaultConfigurationIsVisible = 0;
			defaultConfigurationName = Release;
		};
		D8D42ED6235B3EB200C4201B /* Build configuration list for PBXNativeTarget "WordCampsTV" */ = {
			isa = XCConfigurationList;
			buildConfigurations = (
				D8D42ED7235B3EB200C4201B /* Debug */,
				D8D42ED8235B3EB200C4201B /* Release */,
			);
			defaultConfigurationIsVisible = 0;
			defaultConfigurationName = Release;
		};
		D8D7CFD1232D648300687E4B /* Build configuration list for PBXProject "WordCamps" */ = {
			isa = XCConfigurationList;
			buildConfigurations = (
				D8D7CFF3232D648600687E4B /* Debug */,
				D8D7CFF4232D648600687E4B /* Release */,
			);
			defaultConfigurationIsVisible = 0;
			defaultConfigurationName = Release;
		};
		D8D7CFF5232D648600687E4B /* Build configuration list for PBXNativeTarget "WordCamps" */ = {
			isa = XCConfigurationList;
			buildConfigurations = (
				D8D7CFF6232D648600687E4B /* Debug */,
				D8D7CFF7232D648600687E4B /* Release */,
			);
			defaultConfigurationIsVisible = 0;
			defaultConfigurationName = Release;
		};
		D8D7CFF8232D648600687E4B /* Build configuration list for PBXNativeTarget "WordCampsTests" */ = {
			isa = XCConfigurationList;
			buildConfigurations = (
				D8D7CFF9232D648600687E4B /* Debug */,
				D8D7CFFA232D648600687E4B /* Release */,
			);
			defaultConfigurationIsVisible = 0;
			defaultConfigurationName = Release;
		};
/* End XCConfigurationList section */
	};
	rootObject = D8D7CFCE232D648300687E4B /* Project object */;
}
